// !$*UTF8*$!
{
	archiveVersion = 1;
	classes = {
	};
	objectVersion = 46;
	objects = {
/* Begin PBXBuildFile section */
		0207DA581B56EA530066E2B4 /* Images.xcassets in Resources */ = {isa = PBXBuildFile; fileRef = 0207DA571B56EA530066E2B4 /* Images.xcassets */; };
		1D3623260D0F684500981E51 /* AppDelegate.m in Sources */ = {isa = PBXBuildFile; fileRef = 1D3623250D0F684500981E51 /* AppDelegate.m */; };
		1D60589B0D05DD56006BFB54 /* main.m in Sources */ = {isa = PBXBuildFile; fileRef = 29B97316FDCFA39411CA2CEA /* main.m */; };
		301BF552109A68D80062928A /* libCordova.a in Frameworks */ = {isa = PBXBuildFile; fileRef = 301BF535109A57CC0062928A /* libCordova.a */; };
		302D95F114D2391D003F00A1 /* MainViewController.m in Sources */ = {isa = PBXBuildFile; fileRef = 302D95EF14D2391D003F00A1 /* MainViewController.m */; };
		302D95F214D2391D003F00A1 /* MainViewController.xib in Resources */ = {isa = PBXBuildFile; fileRef = 302D95F014D2391D003F00A1 /* MainViewController.xib */; };
		3047A5121AB8059700498E2A /* build-debug.xcconfig in Resources */ = {isa = PBXBuildFile; fileRef = 3047A50F1AB8059700498E2A /* build-debug.xcconfig */; };
		3047A5131AB8059700498E2A /* build-release.xcconfig in Resources */ = {isa = PBXBuildFile; fileRef = 3047A5101AB8059700498E2A /* build-release.xcconfig */; };
		3047A5141AB8059700498E2A /* build.xcconfig in Resources */ = {isa = PBXBuildFile; fileRef = 3047A5111AB8059700498E2A /* build.xcconfig */; };
		6AFF5BF91D6E424B00AB3073 /* CDVLaunchScreen.storyboard in Resources */ = {isa = PBXBuildFile; fileRef = 6AFF5BF81D6E424B00AB3073 /* CDVLaunchScreen.storyboard */; };
		3289F74A9B5545F6BABEE8E9 /* CDVDevice.m in Sources */ = {isa = PBXBuildFile; fileRef = B9BA1B81821C409FA1965F2E /* CDVDevice.m */; };
		4A1B3B0FBC5C4456B11D2D60 /* AppDelegate+FirebasePlugin.m in Sources */ = {isa = PBXBuildFile; fileRef = CDA5859080AE4175AD354651 /* AppDelegate+FirebasePlugin.m */; };
		150AED2BE1814635AC3E8AF5 /* FirebasePlugin.m in Sources */ = {isa = PBXBuildFile; fileRef = A30B3CD3534D4A8BB814A83C /* FirebasePlugin.m */; };
		9F345506417B43779812D8F4 /* GoogleService-Info.plist in Resources */ = {isa = PBXBuildFile; fileRef = 0B182E3001CA4EBEA3944CC3 /* GoogleService-Info.plist */; };
		2293E3E76E374A128B3D7716 /* FirebaseAnalytics.framework in Frameworks */ = {isa = PBXBuildFile; fileRef = 9206745077A84E9BBCB4E31B /* FirebaseAnalytics.framework */; };
		C2E77B2BFDCF40E38F3F62F1 /* FirebaseCore.framework in Frameworks */ = {isa = PBXBuildFile; fileRef = 896E98FD20AF4E89B7403AB5 /* FirebaseCore.framework */; };
		4526BCEC1E9A4C12BAD78ED4 /* FirebaseCoreDiagnostics.framework in Frameworks */ = {isa = PBXBuildFile; fileRef = 9AFED075F2834B1182EE9CD8 /* FirebaseCoreDiagnostics.framework */; };
		B978465AA88044758C913181 /* FirebaseInstanceID.framework in Frameworks */ = {isa = PBXBuildFile; fileRef = B2EEE69AC73143B89B243115 /* FirebaseInstanceID.framework */; };
		43321CA5C52E411F8D24AF26 /* FirebaseNanoPB.framework in Frameworks */ = {isa = PBXBuildFile; fileRef = F299F44B452A44099A2EA25C /* FirebaseNanoPB.framework */; };
		AD20741A58A245CAAFCDC457 /* GoogleToolboxForMac.framework in Frameworks */ = {isa = PBXBuildFile; fileRef = DABC7EF0995841919B1F9CA1 /* GoogleToolboxForMac.framework */; };
		0D2908168B9F4116BDFA18CF /* nanopb.framework in Frameworks */ = {isa = PBXBuildFile; fileRef = CC1235CC340244AEBEF57166 /* nanopb.framework */; };
		4600426909DD43B6A368DE7F /* Protobuf.framework in Frameworks */ = {isa = PBXBuildFile; fileRef = 1F3F0CC93C8B4DC89697004D /* Protobuf.framework */; };
		26FA82008C8A4CBD9F5D21EB /* FirebaseMessaging.framework in Frameworks */ = {isa = PBXBuildFile; fileRef = 8A89D7ECC22B49E4BCFF598F /* FirebaseMessaging.framework */; };
		D4191FADFDB344849F899466 /* FirebaseCrash.framework in Frameworks */ = {isa = PBXBuildFile; fileRef = 67372FC177664060A959B879 /* FirebaseCrash.framework */; };
		3B0D0026206D48798EF69650 /* FirebaseRemoteConfig.framework in Frameworks */ = {isa = PBXBuildFile; fileRef = 2878987A6A24409E948B5420 /* FirebaseRemoteConfig.framework */; };
		3E4C8D49E113486990B3933D /* FirebaseABTesting.framework in Frameworks */ = {isa = PBXBuildFile; fileRef = FF7387580FB64A21BAB0F800 /* FirebaseABTesting.framework */; };
		A296C3CAF3804C17A34CA3B4 /* FirebaseAuth.framework in Frameworks */ = {isa = PBXBuildFile; fileRef = 0AC5541090104C1CBFF57D84 /* FirebaseAuth.framework */; };
		2B03C343D6D54CB6A1960B31 /* GTMSessionFetcher.framework in Frameworks */ = {isa = PBXBuildFile; fileRef = E97E6BB39D0C45E6A0C0BD44 /* GTMSessionFetcher.framework */; };
		1D50D9F5B9ED4F7B951DF3C7 /* FirebasePerformance.framework in Frameworks */ = {isa = PBXBuildFile; fileRef = 6B35FCCA3AD646328DE49D4E /* FirebasePerformance.framework */; };
		CFD179230A2941B88EAE00A3 /* FirebaseISASwizzler.framework in Frameworks */ = {isa = PBXBuildFile; fileRef = 5A9250D106894FBD949E5854 /* FirebaseISASwizzler.framework */; };
		C75F1C91396C46B48418E02C /* FirebaseMethodSwizzler.framework in Frameworks */ = {isa = PBXBuildFile; fileRef = 376B6A169FCE42BCB56C9567 /* FirebaseMethodSwizzler.framework */; };
		47E0815A470C4FCDAD3C0979 /* CDVInAppBrowser.m in Sources */ = {isa = PBXBuildFile; fileRef = F64D8069D2F044168FC330B8 /* CDVInAppBrowser.m */; };
		0CD4E95BF03C4F9680EC16F3 /* CDVSplashScreen.m in Sources */ = {isa = PBXBuildFile; fileRef = BE2819893A404F61B1627FB8 /* CDVSplashScreen.m */; };
		67048FB10E5B4FF0B8E25122 /* CDVViewController+SplashScreen.m in Sources */ = {isa = PBXBuildFile; fileRef = 1ECC714F15344CB5B8B51EF8 /* CDVViewController+SplashScreen.m */; };
		D280A6BC3E90477BAAAF0BAF /* CDVSplashScreen+IonicDeploy.m in Sources */ = {isa = PBXBuildFile; fileRef = 78D3ADB8041E4D6DB6F6767F /* CDVSplashScreen+IonicDeploy.m */; };
		C4FE5D0585FB4732A582E865 /* IonicConstant.m in Sources */ = {isa = PBXBuildFile; fileRef = 131BB4EA9E4142A396F34F79 /* IonicConstant.m */; };
		F50AFC28CE1A4511AD73076D /* IonicDeploy.m in Sources */ = {isa = PBXBuildFile; fileRef = 5CE3138A791E42139FA91745 /* IonicDeploy.m */; };
		D5331EBD7BDB4D10AC54E67E /* Download.m in Sources */ = {isa = PBXBuildFile; fileRef = 330F5DCF98854064920EC7F5 /* Download.m */; };
		7BF7FCA47B8F46CD883DED3A /* DownloadManager.m in Sources */ = {isa = PBXBuildFile; fileRef = BB19B0DCE6E5405881A5E773 /* DownloadManager.m */; };
		E260289DC48745AEBA03C736 /* SSZipArchive.m in Sources */ = {isa = PBXBuildFile; fileRef = 14276B25C5BF483A8F6B1BD1 /* SSZipArchive.m */; };
		4201AD5582B74D73B7B4CD73 /* ioapi.c in Resources */ = {isa = PBXBuildFile; fileRef = 7A8EE61A37774AFD97BC8EA9 /* ioapi.c */; };
		C9EB4F68308A46A5B5079FFE /* unzip.c in Resources */ = {isa = PBXBuildFile; fileRef = 284B6CCA244F43D0AEADF3EE /* unzip.c */; };
		32600D526CB5401DBB4CB74D /* zip.c in Resources */ = {isa = PBXBuildFile; fileRef = 33BB10602051464982BA58F1 /* zip.c */; };
		A323FBAE812248AF8347F626 /* adler32.c in Resources */ = {isa = PBXBuildFile; fileRef = D3B12C68805C4D55A356B1A5 /* adler32.c */; };
		6B8CD61F6175499283CB8750 /* compress.c in Resources */ = {isa = PBXBuildFile; fileRef = AA54561A9688456F87D7C785 /* compress.c */; };
		774BAEDE290745C0B7A36B6A /* crc32.c in Resources */ = {isa = PBXBuildFile; fileRef = C7F4FC91D0C0454B8B6BE49C /* crc32.c */; };
		87CDD2A8B766438CAC20FBBA /* deflate.c in Resources */ = {isa = PBXBuildFile; fileRef = AE21051AD0D64076AF731798 /* deflate.c */; };
		272A5E486AD54E2299D17A61 /* gzclose.c in Resources */ = {isa = PBXBuildFile; fileRef = 366A3E64B79D453A82661912 /* gzclose.c */; };
		693499A051184BE283FE5F91 /* gzlib.c in Resources */ = {isa = PBXBuildFile; fileRef = 0C0616E231CF4A84B41B8C86 /* gzlib.c */; };
		A339635A8C6743B194BACDD0 /* gzread.c in Resources */ = {isa = PBXBuildFile; fileRef = 12E723794AA84D63AECD0104 /* gzread.c */; };
		E636F34E41F04882847EC39E /* gzwrite.c in Resources */ = {isa = PBXBuildFile; fileRef = 0592492CF035435DA892CA3E /* gzwrite.c */; };
		DB345FC60BBB41399BB538E7 /* infback.c in Resources */ = {isa = PBXBuildFile; fileRef = FB82EC6B1D654F79AEC75705 /* infback.c */; };
		4AF8C28E8BC44460B58D5F44 /* inffast.c in Resources */ = {isa = PBXBuildFile; fileRef = 0045E3353D5848E3A62C4214 /* inffast.c */; };
		E72FA4DE14BB405E80FF6731 /* inflate.c in Resources */ = {isa = PBXBuildFile; fileRef = A1AFEC9BC9004C439FD6EA02 /* inflate.c */; };
		60EE2E076AE847AC9ADA9192 /* inftrees.c in Resources */ = {isa = PBXBuildFile; fileRef = 5A79C6913BE649F0B9348493 /* inftrees.c */; };
		4360965E94B54AAB885FDD13 /* trees.c in Resources */ = {isa = PBXBuildFile; fileRef = 86F1F7EE70364A838E4D37E8 /* trees.c */; };
		95F7FFAE38154A0BB7ADA0CF /* uncompr.c in Resources */ = {isa = PBXBuildFile; fileRef = 97C0EC9C19C246FD8004DE26 /* uncompr.c */; };
		625FEDBCA76046998A398E9C /* zutil.c in Resources */ = {isa = PBXBuildFile; fileRef = 432D12D3F9F14E2881DD899B /* zutil.c */; };
		DE981087C227447D90684427 /* Base64.m in Sources */ = {isa = PBXBuildFile; fileRef = DFCA630D29A94609954997ED /* Base64.m */; };
		B48B150497E6431AA3342B8F /* UNIHTTPClientHelper.m in Sources */ = {isa = PBXBuildFile; fileRef = 929B21FC722C4D67909362BE /* UNIHTTPClientHelper.m */; };
		D58695000B35422AA6F377AD /* UNIHTTPRequest.m in Sources */ = {isa = PBXBuildFile; fileRef = D060ECC60D514941ABFB9A40 /* UNIHTTPRequest.m */; };
		C31908E8D75442F386A12137 /* UNIHTTPRequestWithBody.m in Sources */ = {isa = PBXBuildFile; fileRef = 91B191DAB4364E728D486DB6 /* UNIHTTPRequestWithBody.m */; };
		2D583FC02F09430EA7060A81 /* UNIRest.m in Sources */ = {isa = PBXBuildFile; fileRef = 3E6C2104CA484C45A377B921 /* UNIRest.m */; };
		05067C2F3B4A463A9AEB40A5 /* UNIUrlConnection.m in Sources */ = {isa = PBXBuildFile; fileRef = F3C5D57BC9DF458FA089E79B /* UNIUrlConnection.m */; };
		A586A79AEA834FE3A5485087 /* UNIBaseRequest.m in Sources */ = {isa = PBXBuildFile; fileRef = 15BAECB4B98D4736BF5EE94B /* UNIBaseRequest.m */; };
		A256BC4119AB455C98FA2CF2 /* UNIBodyRequest.m in Sources */ = {isa = PBXBuildFile; fileRef = A771995666514C4C90B2CB95 /* UNIBodyRequest.m */; };
		747C6995C7F148589540A004 /* UNISimpleRequest.m in Sources */ = {isa = PBXBuildFile; fileRef = A67806DB7F1C45419A6AD95E /* UNISimpleRequest.m */; };
		99B11CB940C147F0BFE1280F /* UNIHTTPBinaryResponse.m in Sources */ = {isa = PBXBuildFile; fileRef = 023187C3AC6E4AD7ABDC1869 /* UNIHTTPBinaryResponse.m */; };
		CFEF537C17D34DEB9F3C6E38 /* UNIHTTPJsonResponse.m in Sources */ = {isa = PBXBuildFile; fileRef = 63A65719A86848B899AD3CB4 /* UNIHTTPJsonResponse.m */; };
		59C2CCF6F90E4948A253645E /* UNIHTTPResponse.m in Sources */ = {isa = PBXBuildFile; fileRef = 1D0033CACCE34957A8410A20 /* UNIHTTPResponse.m */; };
		62AACB2AD5414827954B4A9B /* UNIHTTPStringResponse.m in Sources */ = {isa = PBXBuildFile; fileRef = 3ECEA3C1914C4050A68C8C56 /* UNIHTTPStringResponse.m */; };
		A52EF6CB01D847AFBD46563B /* UNIJsonNode.m in Sources */ = {isa = PBXBuildFile; fileRef = 03AC5214529144AFB4696D7F /* UNIJsonNode.m */; };
		82549D1C1FFC463AA3A8AAF9 /* IonicCordovaCommon.m in Sources */ = {isa = PBXBuildFile; fileRef = BD99257EDBE0425B860DDF20 /* IonicCordovaCommon.m */; };
		2AF0C5DC3B7747E9AAC00DEB /* CDVIonicKeyboard.m in Sources */ = {isa = PBXBuildFile; fileRef = 9BADFBDC475440BAA5E2FA39 /* CDVIonicKeyboard.m */; };
		DD603B18A393408FA0116B31 /* CDVWKWebViewEngine.m in Sources */ = {isa = PBXBuildFile; fileRef = A6FBB9663F444D219773C3E4 /* CDVWKWebViewEngine.m */; };
		9B43CB6C2C074ED0B7D020B8 /* CDVWKWebViewUIDelegate.m in Sources */ = {isa = PBXBuildFile; fileRef = F6282B7DDC54413D9A0C18AC /* CDVWKWebViewUIDelegate.m */; };
		E9EC115B467C4B7FAA788E9A /* CDVWKProcessPoolFactory.m in Sources */ = {isa = PBXBuildFile; fileRef = C59EB96237C041ACB98AE063 /* CDVWKProcessPoolFactory.m */; };
		D4E5D97B4FC542348DFE41D7 /* GCDWebServer.m in Sources */ = {isa = PBXBuildFile; fileRef = 70314F3C743E41288E4C6A48 /* GCDWebServer.m */; };
		D085E78655FB44E6B0F34108 /* GCDWebServerConnection.m in Sources */ = {isa = PBXBuildFile; fileRef = 7F79469682EA46F2A7036092 /* GCDWebServerConnection.m */; };
		BE059E1C43604931965BAEF6 /* GCDWebServerFunctions.m in Sources */ = {isa = PBXBuildFile; fileRef = 75BA0D41D13D481CA806B570 /* GCDWebServerFunctions.m */; };
		91CF27B37FAD4A479EFC860C /* GCDWebServerRequest.m in Sources */ = {isa = PBXBuildFile; fileRef = 06B014F5FDD54E3E87D880B1 /* GCDWebServerRequest.m */; };
		03A5FE33813244128EAB53D2 /* GCDWebServerResponse.m in Sources */ = {isa = PBXBuildFile; fileRef = EBE244E296B74339AE4F5B7B /* GCDWebServerResponse.m */; };
		B45EE116C7F94045BE1BB245 /* GCDWebServerDataRequest.m in Sources */ = {isa = PBXBuildFile; fileRef = 7B284C5AE5FE4C4D957F884F /* GCDWebServerDataRequest.m */; };
		3ACCF04344CD4EC99576D4C2 /* GCDWebServerFileRequest.m in Sources */ = {isa = PBXBuildFile; fileRef = D77E1549768B484F978D7EBD /* GCDWebServerFileRequest.m */; };
		5C8630F5DD03487590BA3E12 /* GCDWebServerMultiPartFormRequest.m in Sources */ = {isa = PBXBuildFile; fileRef = 96B57AEB80F44124BAA9441D /* GCDWebServerMultiPartFormRequest.m */; };
		879B87DF19BD4019B4DD5EB9 /* GCDWebServerURLEncodedFormRequest.m in Sources */ = {isa = PBXBuildFile; fileRef = B7AB52B48CBB496785749515 /* GCDWebServerURLEncodedFormRequest.m */; };
		44A2732A1F184677B72B5B9A /* GCDWebServerDataResponse.m in Sources */ = {isa = PBXBuildFile; fileRef = 881152ED406F4CAF8EE8C0F9 /* GCDWebServerDataResponse.m */; };
		198142AE44A442E6913A2710 /* GCDWebServerErrorResponse.m in Sources */ = {isa = PBXBuildFile; fileRef = 570ADD394CC542A19E0E3B7A /* GCDWebServerErrorResponse.m */; };
		FDC79CE8425642D394D55037 /* GCDWebServerFileResponse.m in Sources */ = {isa = PBXBuildFile; fileRef = 20086E00123A4DCFA03AF0EB /* GCDWebServerFileResponse.m */; };
		12275566F8D04176B9CBA463 /* GCDWebServerStreamedResponse.m in Sources */ = {isa = PBXBuildFile; fileRef = BDCFDF0DF4E94A4A8FE5D995 /* GCDWebServerStreamedResponse.m */; };
		8D320CC4AF18411D94577664 /* WebKit.framework in Frameworks */ = {isa = PBXBuildFile; fileRef = FA4B0BA6A09A4A96A9309AF0 /* WebKit.framework */; settings = {ATTRIBUTES = (Weak, ); }; };
		858E777F3759461E9CE480FC /* libz.tbd in Frameworks */ = {isa = PBXBuildFile; fileRef = A4EC748407A24C2B9151988A /* libz.tbd */; };
/* End PBXBuildFile section */

/* Begin PBXContainerItemProxy section */
		301BF534109A57CC0062928A /* PBXContainerItemProxy */ = {
			isa = PBXContainerItemProxy;
			containerPortal = 301BF52D109A57CC0062928A /* CordovaLib.xcodeproj */;
			proxyType = 2;
			remoteGlobalIDString = D2AAC07E0554694100DB518D;
			remoteInfo = CordovaLib;
		};
		301BF550109A68C00062928A /* PBXContainerItemProxy */ = {
			isa = PBXContainerItemProxy;
			containerPortal = 301BF52D109A57CC0062928A /* CordovaLib.xcodeproj */;
			proxyType = 1;
			remoteGlobalIDString = D2AAC07D0554694100DB518D;
			remoteInfo = CordovaLib;
		};
/* End PBXContainerItemProxy section */

/* Begin PBXFileReference section */
		0207DA571B56EA530066E2B4 /* Images.xcassets */ = {isa = PBXFileReference; lastKnownFileType = folder.assetcatalog; name = Images.xcassets; path = "web/Images.xcassets"; sourceTree = SOURCE_ROOT; };
		1D3623240D0F684500981E51 /* AppDelegate.h */ = {isa = PBXFileReference; fileEncoding = 4; lastKnownFileType = sourcecode.c.h; path = AppDelegate.h; sourceTree = "<group>"; };
		1D3623250D0F684500981E51 /* AppDelegate.m */ = {isa = PBXFileReference; fileEncoding = 4; lastKnownFileType = sourcecode.c.objc; path = AppDelegate.m; sourceTree = "<group>"; };
		1D6058910D05DD3D006BFB54 /* web.app */ = {isa = PBXFileReference; explicitFileType = wrapper.application; includeInIndex = 0; path = "web.app"; sourceTree = BUILT_PRODUCTS_DIR; };
		29B97316FDCFA39411CA2CEA /* main.m */ = {isa = PBXFileReference; fileEncoding = 4; lastKnownFileType = sourcecode.c.objc; path = main.m; sourceTree = "<group>"; };
		301BF52D109A57CC0062928A /* CordovaLib.xcodeproj */ = {isa = PBXFileReference; lastKnownFileType = "wrapper.pb-project"; path = CordovaLib/CordovaLib.xcodeproj; sourceTree = "<group>"; };
		301BF56E109A69640062928A /* www */ = {isa = PBXFileReference; lastKnownFileType = folder; path = www; sourceTree = SOURCE_ROOT; };
		302D95EE14D2391D003F00A1 /* MainViewController.h */ = {isa = PBXFileReference; fileEncoding = 4; lastKnownFileType = sourcecode.c.h; path = MainViewController.h; sourceTree = "<group>"; };
		302D95EF14D2391D003F00A1 /* MainViewController.m */ = {isa = PBXFileReference; fileEncoding = 4; lastKnownFileType = sourcecode.c.objc; path = MainViewController.m; sourceTree = "<group>"; };
		302D95F014D2391D003F00A1 /* MainViewController.xib */ = {isa = PBXFileReference; fileEncoding = 4; lastKnownFileType = file.xib; path = MainViewController.xib; sourceTree = "<group>"; };
		3047A50F1AB8059700498E2A /* build-debug.xcconfig */ = {isa = PBXFileReference; fileEncoding = 4; lastKnownFileType = text.xcconfig; name = "build-debug.xcconfig"; path = cordova/build-debug.xcconfig; sourceTree = SOURCE_ROOT; };
		3047A5101AB8059700498E2A /* build-release.xcconfig */ = {isa = PBXFileReference; fileEncoding = 4; lastKnownFileType = text.xcconfig; name = "build-release.xcconfig"; path = cordova/build-release.xcconfig; sourceTree = SOURCE_ROOT; };
		3047A5111AB8059700498E2A /* build.xcconfig */ = {isa = PBXFileReference; fileEncoding = 4; lastKnownFileType = text.xcconfig; name = build.xcconfig; path = cordova/build.xcconfig; sourceTree = SOURCE_ROOT; };
		32CA4F630368D1EE00C91783 /* web-Prefix.pch */ = {isa = PBXFileReference; fileEncoding = 4; lastKnownFileType = sourcecode.c.h; path = "web-Prefix.pch"; sourceTree = "<group>"; };
		6AFF5BF81D6E424B00AB3073 /* CDVLaunchScreen.storyboard */ = {isa = PBXFileReference; fileEncoding = 4; lastKnownFileType = file.storyboard; name = CDVLaunchScreen.storyboard; path = "web/CDVLaunchScreen.storyboard"; sourceTree = SOURCE_ROOT; };
		8D1107310486CEB800E47090 /* web-Info.plist */ = {isa = PBXFileReference; fileEncoding = 4; lastKnownFileType = text.plist.xml; name = "web-Info.plist"; path = "web/web-Info.plist"; plistStructureDefinitionIdentifier = "com.apple.xcode.plist.structure-definition.iphone.info-plist"; sourceTree = SOURCE_ROOT; };
		EB87FDF31871DA8E0020F90C /* www */ = {isa = PBXFileReference; lastKnownFileType = folder; name = www; path = ../../www; sourceTree = "<group>"; };
		EB87FDF41871DAF40020F90C /* config.xml */ = {isa = PBXFileReference; lastKnownFileType = text.xml; name = config.xml; path = ../../config.xml; sourceTree = "<group>"; };
		F840E1F0165FE0F500CFE078 /* config.xml */ = {isa = PBXFileReference; lastKnownFileType = text.xml; name = config.xml; path = "web/config.xml"; sourceTree = "<group>"; };
		ED33DF2A687741AEAF9F8254 /* Bridging-Header.h */ = {isa = PBXFileReference; fileEncoding = 4; lastKnownFileType = sourcecode.c.h; name = "Bridging-Header.h"; path = "Bridging-Header.h"; sourceTree = "<group>"; };
		B9BA1B81821C409FA1965F2E /* CDVDevice.m */ = {isa = PBXFileReference; name = "CDVDevice.m"; path = "cordova-plugin-device/CDVDevice.m"; sourceTree = "<group>"; fileEncoding = 4; lastKnownFileType = sourcecode.c.objc; explicitFileType = undefined; includeInIndex = 0; };
		D00C42563B4B4670BBF18847 /* CDVDevice.h */ = {isa = PBXFileReference; name = "CDVDevice.h"; path = "cordova-plugin-device/CDVDevice.h"; sourceTree = "<group>"; fileEncoding = 4; lastKnownFileType = sourcecode.c.h; explicitFileType = undefined; includeInIndex = 0; };
		CDA5859080AE4175AD354651 /* AppDelegate+FirebasePlugin.m */ = {isa = PBXFileReference; name = "AppDelegate+FirebasePlugin.m"; path = "cordova-plugin-firebase/AppDelegate+FirebasePlugin.m"; sourceTree = "<group>"; fileEncoding = 4; lastKnownFileType = sourcecode.c.objc; explicitFileType = undefined; includeInIndex = 0; };
		A30B3CD3534D4A8BB814A83C /* FirebasePlugin.m */ = {isa = PBXFileReference; name = "FirebasePlugin.m"; path = "cordova-plugin-firebase/FirebasePlugin.m"; sourceTree = "<group>"; fileEncoding = 4; lastKnownFileType = sourcecode.c.objc; explicitFileType = undefined; includeInIndex = 0; };
		7FF4958B23134CD6A5117C9A /* AppDelegate+FirebasePlugin.h */ = {isa = PBXFileReference; name = "AppDelegate+FirebasePlugin.h"; path = "cordova-plugin-firebase/AppDelegate+FirebasePlugin.h"; sourceTree = "<group>"; fileEncoding = 4; lastKnownFileType = sourcecode.c.h; explicitFileType = undefined; includeInIndex = 0; };
		C16A57D5D029486F9BB071E6 /* FirebasePlugin.h */ = {isa = PBXFileReference; name = "FirebasePlugin.h"; path = "cordova-plugin-firebase/FirebasePlugin.h"; sourceTree = "<group>"; fileEncoding = 4; lastKnownFileType = sourcecode.c.h; explicitFileType = undefined; includeInIndex = 0; };
		53868BC7D00C471F8559EF0C /* Firebase.h */ = {isa = PBXFileReference; name = "Firebase.h"; path = "cordova-plugin-firebase/Firebase.h"; sourceTree = "<group>"; fileEncoding = 4; lastKnownFileType = sourcecode.c.h; explicitFileType = undefined; includeInIndex = 0; };
		0B182E3001CA4EBEA3944CC3 /* GoogleService-Info.plist */ = {isa = PBXFileReference; name = "GoogleService-Info.plist"; path = "GoogleService-Info.plist"; sourceTree = "<group>"; fileEncoding = 4; lastKnownFileType = text.plist.xml; explicitFileType = undefined; includeInIndex = 0; };
		9206745077A84E9BBCB4E31B /* FirebaseAnalytics.framework */ = {isa = PBXFileReference; name = "FirebaseAnalytics.framework"; path = "web/Plugins/cordova-plugin-firebase/FirebaseAnalytics.framework"; sourceTree = "<group>"; fileEncoding = undefined; lastKnownFileType = wrapper.framework; explicitFileType = undefined; includeInIndex = 0; };
		896E98FD20AF4E89B7403AB5 /* FirebaseCore.framework */ = {isa = PBXFileReference; name = "FirebaseCore.framework"; path = "web/Plugins/cordova-plugin-firebase/FirebaseCore.framework"; sourceTree = "<group>"; fileEncoding = undefined; lastKnownFileType = wrapper.framework; explicitFileType = undefined; includeInIndex = 0; };
		9AFED075F2834B1182EE9CD8 /* FirebaseCoreDiagnostics.framework */ = {isa = PBXFileReference; name = "FirebaseCoreDiagnostics.framework"; path = "web/Plugins/cordova-plugin-firebase/FirebaseCoreDiagnostics.framework"; sourceTree = "<group>"; fileEncoding = undefined; lastKnownFileType = wrapper.framework; explicitFileType = undefined; includeInIndex = 0; };
		B2EEE69AC73143B89B243115 /* FirebaseInstanceID.framework */ = {isa = PBXFileReference; name = "FirebaseInstanceID.framework"; path = "web/Plugins/cordova-plugin-firebase/FirebaseInstanceID.framework"; sourceTree = "<group>"; fileEncoding = undefined; lastKnownFileType = wrapper.framework; explicitFileType = undefined; includeInIndex = 0; };
		F299F44B452A44099A2EA25C /* FirebaseNanoPB.framework */ = {isa = PBXFileReference; name = "FirebaseNanoPB.framework"; path = "web/Plugins/cordova-plugin-firebase/FirebaseNanoPB.framework"; sourceTree = "<group>"; fileEncoding = undefined; lastKnownFileType = wrapper.framework; explicitFileType = undefined; includeInIndex = 0; };
		DABC7EF0995841919B1F9CA1 /* GoogleToolboxForMac.framework */ = {isa = PBXFileReference; name = "GoogleToolboxForMac.framework"; path = "web/Plugins/cordova-plugin-firebase/GoogleToolboxForMac.framework"; sourceTree = "<group>"; fileEncoding = undefined; lastKnownFileType = wrapper.framework; explicitFileType = undefined; includeInIndex = 0; };
		CC1235CC340244AEBEF57166 /* nanopb.framework */ = {isa = PBXFileReference; name = "nanopb.framework"; path = "web/Plugins/cordova-plugin-firebase/nanopb.framework"; sourceTree = "<group>"; fileEncoding = undefined; lastKnownFileType = wrapper.framework; explicitFileType = undefined; includeInIndex = 0; };
		1F3F0CC93C8B4DC89697004D /* Protobuf.framework */ = {isa = PBXFileReference; name = "Protobuf.framework"; path = "web/Plugins/cordova-plugin-firebase/Protobuf.framework"; sourceTree = "<group>"; fileEncoding = undefined; lastKnownFileType = wrapper.framework; explicitFileType = undefined; includeInIndex = 0; };
		8A89D7ECC22B49E4BCFF598F /* FirebaseMessaging.framework */ = {isa = PBXFileReference; name = "FirebaseMessaging.framework"; path = "web/Plugins/cordova-plugin-firebase/FirebaseMessaging.framework"; sourceTree = "<group>"; fileEncoding = undefined; lastKnownFileType = wrapper.framework; explicitFileType = undefined; includeInIndex = 0; };
		67372FC177664060A959B879 /* FirebaseCrash.framework */ = {isa = PBXFileReference; name = "FirebaseCrash.framework"; path = "web/Plugins/cordova-plugin-firebase/FirebaseCrash.framework"; sourceTree = "<group>"; fileEncoding = undefined; lastKnownFileType = wrapper.framework; explicitFileType = undefined; includeInIndex = 0; };
		2878987A6A24409E948B5420 /* FirebaseRemoteConfig.framework */ = {isa = PBXFileReference; name = "FirebaseRemoteConfig.framework"; path = "web/Plugins/cordova-plugin-firebase/FirebaseRemoteConfig.framework"; sourceTree = "<group>"; fileEncoding = undefined; lastKnownFileType = wrapper.framework; explicitFileType = undefined; includeInIndex = 0; };
		FF7387580FB64A21BAB0F800 /* FirebaseABTesting.framework */ = {isa = PBXFileReference; name = "FirebaseABTesting.framework"; path = "web/Plugins/cordova-plugin-firebase/FirebaseABTesting.framework"; sourceTree = "<group>"; fileEncoding = undefined; lastKnownFileType = wrapper.framework; explicitFileType = undefined; includeInIndex = 0; };
		0AC5541090104C1CBFF57D84 /* FirebaseAuth.framework */ = {isa = PBXFileReference; name = "FirebaseAuth.framework"; path = "web/Plugins/cordova-plugin-firebase/FirebaseAuth.framework"; sourceTree = "<group>"; fileEncoding = undefined; lastKnownFileType = wrapper.framework; explicitFileType = undefined; includeInIndex = 0; };
		E97E6BB39D0C45E6A0C0BD44 /* GTMSessionFetcher.framework */ = {isa = PBXFileReference; name = "GTMSessionFetcher.framework"; path = "web/Plugins/cordova-plugin-firebase/GTMSessionFetcher.framework"; sourceTree = "<group>"; fileEncoding = undefined; lastKnownFileType = wrapper.framework; explicitFileType = undefined; includeInIndex = 0; };
		6B35FCCA3AD646328DE49D4E /* FirebasePerformance.framework */ = {isa = PBXFileReference; name = "FirebasePerformance.framework"; path = "web/Plugins/cordova-plugin-firebase/FirebasePerformance.framework"; sourceTree = "<group>"; fileEncoding = undefined; lastKnownFileType = wrapper.framework; explicitFileType = undefined; includeInIndex = 0; };
		5A9250D106894FBD949E5854 /* FirebaseISASwizzler.framework */ = {isa = PBXFileReference; name = "FirebaseISASwizzler.framework"; path = "web/Plugins/cordova-plugin-firebase/FirebaseISASwizzler.framework"; sourceTree = "<group>"; fileEncoding = undefined; lastKnownFileType = wrapper.framework; explicitFileType = undefined; includeInIndex = 0; };
		376B6A169FCE42BCB56C9567 /* FirebaseMethodSwizzler.framework */ = {isa = PBXFileReference; name = "FirebaseMethodSwizzler.framework"; path = "web/Plugins/cordova-plugin-firebase/FirebaseMethodSwizzler.framework"; sourceTree = "<group>"; fileEncoding = undefined; lastKnownFileType = wrapper.framework; explicitFileType = undefined; includeInIndex = 0; };
		F64D8069D2F044168FC330B8 /* CDVInAppBrowser.m */ = {isa = PBXFileReference; name = "CDVInAppBrowser.m"; path = "cordova-plugin-inappbrowser/CDVInAppBrowser.m"; sourceTree = "<group>"; fileEncoding = 4; lastKnownFileType = sourcecode.c.objc; explicitFileType = undefined; includeInIndex = 0; };
		A1A85EF44F574BB49A5A954E /* CDVInAppBrowser.h */ = {isa = PBXFileReference; name = "CDVInAppBrowser.h"; path = "cordova-plugin-inappbrowser/CDVInAppBrowser.h"; sourceTree = "<group>"; fileEncoding = 4; lastKnownFileType = sourcecode.c.h; explicitFileType = undefined; includeInIndex = 0; };
		BE2819893A404F61B1627FB8 /* CDVSplashScreen.m */ = {isa = PBXFileReference; name = "CDVSplashScreen.m"; path = "cordova-plugin-splashscreen/CDVSplashScreen.m"; sourceTree = "<group>"; fileEncoding = 4; lastKnownFileType = sourcecode.c.objc; explicitFileType = undefined; includeInIndex = 0; };
		1ECC714F15344CB5B8B51EF8 /* CDVViewController+SplashScreen.m */ = {isa = PBXFileReference; name = "CDVViewController+SplashScreen.m"; path = "cordova-plugin-splashscreen/CDVViewController+SplashScreen.m"; sourceTree = "<group>"; fileEncoding = 4; lastKnownFileType = sourcecode.c.objc; explicitFileType = undefined; includeInIndex = 0; };
		1EC3E923CA1342BC835DA886 /* CDVSplashScreen.h */ = {isa = PBXFileReference; name = "CDVSplashScreen.h"; path = "cordova-plugin-splashscreen/CDVSplashScreen.h"; sourceTree = "<group>"; fileEncoding = 4; lastKnownFileType = sourcecode.c.h; explicitFileType = undefined; includeInIndex = 0; };
		76602F1D49384433999CD50D /* CDVViewController+SplashScreen.h */ = {isa = PBXFileReference; name = "CDVViewController+SplashScreen.h"; path = "cordova-plugin-splashscreen/CDVViewController+SplashScreen.h"; sourceTree = "<group>"; fileEncoding = 4; lastKnownFileType = sourcecode.c.h; explicitFileType = undefined; includeInIndex = 0; };
		78D3ADB8041E4D6DB6F6767F /* CDVSplashScreen+IonicDeploy.m */ = {isa = PBXFileReference; name = "CDVSplashScreen+IonicDeploy.m"; path = "cordova-plugin-ionic/CDVSplashScreen+IonicDeploy.m"; sourceTree = "<group>"; fileEncoding = 4; lastKnownFileType = sourcecode.c.objc; explicitFileType = undefined; includeInIndex = 0; };
		131BB4EA9E4142A396F34F79 /* IonicConstant.m */ = {isa = PBXFileReference; name = "IonicConstant.m"; path = "cordova-plugin-ionic/IonicConstant.m"; sourceTree = "<group>"; fileEncoding = 4; lastKnownFileType = sourcecode.c.objc; explicitFileType = undefined; includeInIndex = 0; };
		5CE3138A791E42139FA91745 /* IonicDeploy.m */ = {isa = PBXFileReference; name = "IonicDeploy.m"; path = "cordova-plugin-ionic/IonicDeploy.m"; sourceTree = "<group>"; fileEncoding = 4; lastKnownFileType = sourcecode.c.objc; explicitFileType = undefined; includeInIndex = 0; };
		330F5DCF98854064920EC7F5 /* Download.m */ = {isa = PBXFileReference; name = "Download.m"; path = "cordova-plugin-ionic/Download.m"; sourceTree = "<group>"; fileEncoding = 4; lastKnownFileType = sourcecode.c.objc; explicitFileType = undefined; includeInIndex = 0; };
		BB19B0DCE6E5405881A5E773 /* DownloadManager.m */ = {isa = PBXFileReference; name = "DownloadManager.m"; path = "cordova-plugin-ionic/DownloadManager.m"; sourceTree = "<group>"; fileEncoding = 4; lastKnownFileType = sourcecode.c.objc; explicitFileType = undefined; includeInIndex = 0; };
		14276B25C5BF483A8F6B1BD1 /* SSZipArchive.m */ = {isa = PBXFileReference; name = "SSZipArchive.m"; path = "cordova-plugin-ionic/SSZipArchive.m"; sourceTree = "<group>"; fileEncoding = 4; lastKnownFileType = sourcecode.c.objc; explicitFileType = undefined; includeInIndex = 0; };
		7A8EE61A37774AFD97BC8EA9 /* ioapi.c */ = {isa = PBXFileReference; name = "ioapi.c"; path = "cordova-plugin-ionic/ioapi.c"; sourceTree = "<group>"; fileEncoding = undefined; lastKnownFileType = unknown; explicitFileType = undefined; includeInIndex = 0; };
		284B6CCA244F43D0AEADF3EE /* unzip.c */ = {isa = PBXFileReference; name = "unzip.c"; path = "cordova-plugin-ionic/unzip.c"; sourceTree = "<group>"; fileEncoding = undefined; lastKnownFileType = unknown; explicitFileType = undefined; includeInIndex = 0; };
		33BB10602051464982BA58F1 /* zip.c */ = {isa = PBXFileReference; name = "zip.c"; path = "cordova-plugin-ionic/zip.c"; sourceTree = "<group>"; fileEncoding = undefined; lastKnownFileType = unknown; explicitFileType = undefined; includeInIndex = 0; };
		D3B12C68805C4D55A356B1A5 /* adler32.c */ = {isa = PBXFileReference; name = "adler32.c"; path = "cordova-plugin-ionic/adler32.c"; sourceTree = "<group>"; fileEncoding = undefined; lastKnownFileType = unknown; explicitFileType = undefined; includeInIndex = 0; };
		AA54561A9688456F87D7C785 /* compress.c */ = {isa = PBXFileReference; name = "compress.c"; path = "cordova-plugin-ionic/compress.c"; sourceTree = "<group>"; fileEncoding = undefined; lastKnownFileType = unknown; explicitFileType = undefined; includeInIndex = 0; };
		C7F4FC91D0C0454B8B6BE49C /* crc32.c */ = {isa = PBXFileReference; name = "crc32.c"; path = "cordova-plugin-ionic/crc32.c"; sourceTree = "<group>"; fileEncoding = undefined; lastKnownFileType = unknown; explicitFileType = undefined; includeInIndex = 0; };
		AE21051AD0D64076AF731798 /* deflate.c */ = {isa = PBXFileReference; name = "deflate.c"; path = "cordova-plugin-ionic/deflate.c"; sourceTree = "<group>"; fileEncoding = undefined; lastKnownFileType = unknown; explicitFileType = undefined; includeInIndex = 0; };
		366A3E64B79D453A82661912 /* gzclose.c */ = {isa = PBXFileReference; name = "gzclose.c"; path = "cordova-plugin-ionic/gzclose.c"; sourceTree = "<group>"; fileEncoding = undefined; lastKnownFileType = unknown; explicitFileType = undefined; includeInIndex = 0; };
		0C0616E231CF4A84B41B8C86 /* gzlib.c */ = {isa = PBXFileReference; name = "gzlib.c"; path = "cordova-plugin-ionic/gzlib.c"; sourceTree = "<group>"; fileEncoding = undefined; lastKnownFileType = unknown; explicitFileType = undefined; includeInIndex = 0; };
		12E723794AA84D63AECD0104 /* gzread.c */ = {isa = PBXFileReference; name = "gzread.c"; path = "cordova-plugin-ionic/gzread.c"; sourceTree = "<group>"; fileEncoding = undefined; lastKnownFileType = unknown; explicitFileType = undefined; includeInIndex = 0; };
		0592492CF035435DA892CA3E /* gzwrite.c */ = {isa = PBXFileReference; name = "gzwrite.c"; path = "cordova-plugin-ionic/gzwrite.c"; sourceTree = "<group>"; fileEncoding = undefined; lastKnownFileType = unknown; explicitFileType = undefined; includeInIndex = 0; };
		FB82EC6B1D654F79AEC75705 /* infback.c */ = {isa = PBXFileReference; name = "infback.c"; path = "cordova-plugin-ionic/infback.c"; sourceTree = "<group>"; fileEncoding = undefined; lastKnownFileType = unknown; explicitFileType = undefined; includeInIndex = 0; };
		0045E3353D5848E3A62C4214 /* inffast.c */ = {isa = PBXFileReference; name = "inffast.c"; path = "cordova-plugin-ionic/inffast.c"; sourceTree = "<group>"; fileEncoding = undefined; lastKnownFileType = unknown; explicitFileType = undefined; includeInIndex = 0; };
		A1AFEC9BC9004C439FD6EA02 /* inflate.c */ = {isa = PBXFileReference; name = "inflate.c"; path = "cordova-plugin-ionic/inflate.c"; sourceTree = "<group>"; fileEncoding = undefined; lastKnownFileType = unknown; explicitFileType = undefined; includeInIndex = 0; };
		5A79C6913BE649F0B9348493 /* inftrees.c */ = {isa = PBXFileReference; name = "inftrees.c"; path = "cordova-plugin-ionic/inftrees.c"; sourceTree = "<group>"; fileEncoding = undefined; lastKnownFileType = unknown; explicitFileType = undefined; includeInIndex = 0; };
		86F1F7EE70364A838E4D37E8 /* trees.c */ = {isa = PBXFileReference; name = "trees.c"; path = "cordova-plugin-ionic/trees.c"; sourceTree = "<group>"; fileEncoding = undefined; lastKnownFileType = unknown; explicitFileType = undefined; includeInIndex = 0; };
		97C0EC9C19C246FD8004DE26 /* uncompr.c */ = {isa = PBXFileReference; name = "uncompr.c"; path = "cordova-plugin-ionic/uncompr.c"; sourceTree = "<group>"; fileEncoding = undefined; lastKnownFileType = unknown; explicitFileType = undefined; includeInIndex = 0; };
		432D12D3F9F14E2881DD899B /* zutil.c */ = {isa = PBXFileReference; name = "zutil.c"; path = "cordova-plugin-ionic/zutil.c"; sourceTree = "<group>"; fileEncoding = undefined; lastKnownFileType = unknown; explicitFileType = undefined; includeInIndex = 0; };
		DFCA630D29A94609954997ED /* Base64.m */ = {isa = PBXFileReference; name = "Base64.m"; path = "cordova-plugin-ionic/Base64.m"; sourceTree = "<group>"; fileEncoding = 4; lastKnownFileType = sourcecode.c.objc; explicitFileType = undefined; includeInIndex = 0; };
		929B21FC722C4D67909362BE /* UNIHTTPClientHelper.m */ = {isa = PBXFileReference; name = "UNIHTTPClientHelper.m"; path = "cordova-plugin-ionic/UNIHTTPClientHelper.m"; sourceTree = "<group>"; fileEncoding = 4; lastKnownFileType = sourcecode.c.objc; explicitFileType = undefined; includeInIndex = 0; };
		D060ECC60D514941ABFB9A40 /* UNIHTTPRequest.m */ = {isa = PBXFileReference; name = "UNIHTTPRequest.m"; path = "cordova-plugin-ionic/UNIHTTPRequest.m"; sourceTree = "<group>"; fileEncoding = 4; lastKnownFileType = sourcecode.c.objc; explicitFileType = undefined; includeInIndex = 0; };
		91B191DAB4364E728D486DB6 /* UNIHTTPRequestWithBody.m */ = {isa = PBXFileReference; name = "UNIHTTPRequestWithBody.m"; path = "cordova-plugin-ionic/UNIHTTPRequestWithBody.m"; sourceTree = "<group>"; fileEncoding = 4; lastKnownFileType = sourcecode.c.objc; explicitFileType = undefined; includeInIndex = 0; };
		3E6C2104CA484C45A377B921 /* UNIRest.m */ = {isa = PBXFileReference; name = "UNIRest.m"; path = "cordova-plugin-ionic/UNIRest.m"; sourceTree = "<group>"; fileEncoding = 4; lastKnownFileType = sourcecode.c.objc; explicitFileType = undefined; includeInIndex = 0; };
		F3C5D57BC9DF458FA089E79B /* UNIUrlConnection.m */ = {isa = PBXFileReference; name = "UNIUrlConnection.m"; path = "cordova-plugin-ionic/UNIUrlConnection.m"; sourceTree = "<group>"; fileEncoding = 4; lastKnownFileType = sourcecode.c.objc; explicitFileType = undefined; includeInIndex = 0; };
		15BAECB4B98D4736BF5EE94B /* UNIBaseRequest.m */ = {isa = PBXFileReference; name = "UNIBaseRequest.m"; path = "cordova-plugin-ionic/UNIBaseRequest.m"; sourceTree = "<group>"; fileEncoding = 4; lastKnownFileType = sourcecode.c.objc; explicitFileType = undefined; includeInIndex = 0; };
		A771995666514C4C90B2CB95 /* UNIBodyRequest.m */ = {isa = PBXFileReference; name = "UNIBodyRequest.m"; path = "cordova-plugin-ionic/UNIBodyRequest.m"; sourceTree = "<group>"; fileEncoding = 4; lastKnownFileType = sourcecode.c.objc; explicitFileType = undefined; includeInIndex = 0; };
		A67806DB7F1C45419A6AD95E /* UNISimpleRequest.m */ = {isa = PBXFileReference; name = "UNISimpleRequest.m"; path = "cordova-plugin-ionic/UNISimpleRequest.m"; sourceTree = "<group>"; fileEncoding = 4; lastKnownFileType = sourcecode.c.objc; explicitFileType = undefined; includeInIndex = 0; };
		023187C3AC6E4AD7ABDC1869 /* UNIHTTPBinaryResponse.m */ = {isa = PBXFileReference; name = "UNIHTTPBinaryResponse.m"; path = "cordova-plugin-ionic/UNIHTTPBinaryResponse.m"; sourceTree = "<group>"; fileEncoding = 4; lastKnownFileType = sourcecode.c.objc; explicitFileType = undefined; includeInIndex = 0; };
		63A65719A86848B899AD3CB4 /* UNIHTTPJsonResponse.m */ = {isa = PBXFileReference; name = "UNIHTTPJsonResponse.m"; path = "cordova-plugin-ionic/UNIHTTPJsonResponse.m"; sourceTree = "<group>"; fileEncoding = 4; lastKnownFileType = sourcecode.c.objc; explicitFileType = undefined; includeInIndex = 0; };
		1D0033CACCE34957A8410A20 /* UNIHTTPResponse.m */ = {isa = PBXFileReference; name = "UNIHTTPResponse.m"; path = "cordova-plugin-ionic/UNIHTTPResponse.m"; sourceTree = "<group>"; fileEncoding = 4; lastKnownFileType = sourcecode.c.objc; explicitFileType = undefined; includeInIndex = 0; };
		3ECEA3C1914C4050A68C8C56 /* UNIHTTPStringResponse.m */ = {isa = PBXFileReference; name = "UNIHTTPStringResponse.m"; path = "cordova-plugin-ionic/UNIHTTPStringResponse.m"; sourceTree = "<group>"; fileEncoding = 4; lastKnownFileType = sourcecode.c.objc; explicitFileType = undefined; includeInIndex = 0; };
		03AC5214529144AFB4696D7F /* UNIJsonNode.m */ = {isa = PBXFileReference; name = "UNIJsonNode.m"; path = "cordova-plugin-ionic/UNIJsonNode.m"; sourceTree = "<group>"; fileEncoding = 4; lastKnownFileType = sourcecode.c.objc; explicitFileType = undefined; includeInIndex = 0; };
		BD99257EDBE0425B860DDF20 /* IonicCordovaCommon.m */ = {isa = PBXFileReference; name = "IonicCordovaCommon.m"; path = "cordova-plugin-ionic/IonicCordovaCommon.m"; sourceTree = "<group>"; fileEncoding = 4; lastKnownFileType = sourcecode.c.objc; explicitFileType = undefined; includeInIndex = 0; };
		5BEA642C09FA4E12AB292CC5 /* CDVSplashScreen+IonicDeploy.h */ = {isa = PBXFileReference; name = "CDVSplashScreen+IonicDeploy.h"; path = "cordova-plugin-ionic/CDVSplashScreen+IonicDeploy.h"; sourceTree = "<group>"; fileEncoding = 4; lastKnownFileType = sourcecode.c.h; explicitFileType = undefined; includeInIndex = 0; };
		A79AEDCBA68A46CDB9AD2292 /* IonicConstant.h */ = {isa = PBXFileReference; name = "IonicConstant.h"; path = "cordova-plugin-ionic/IonicConstant.h"; sourceTree = "<group>"; fileEncoding = 4; lastKnownFileType = sourcecode.c.h; explicitFileType = undefined; includeInIndex = 0; };
		21AE27AC32C84CF6A4E01262 /* IonicDeploy.h */ = {isa = PBXFileReference; name = "IonicDeploy.h"; path = "cordova-plugin-ionic/IonicDeploy.h"; sourceTree = "<group>"; fileEncoding = 4; lastKnownFileType = sourcecode.c.h; explicitFileType = undefined; includeInIndex = 0; };
		89D26BA4967F42B588D90A7D /* Download.h */ = {isa = PBXFileReference; name = "Download.h"; path = "cordova-plugin-ionic/Download.h"; sourceTree = "<group>"; fileEncoding = 4; lastKnownFileType = sourcecode.c.h; explicitFileType = undefined; includeInIndex = 0; };
		A8D542D67D2647DCA5EFB5FA /* DownloadManager.h */ = {isa = PBXFileReference; name = "DownloadManager.h"; path = "cordova-plugin-ionic/DownloadManager.h"; sourceTree = "<group>"; fileEncoding = 4; lastKnownFileType = sourcecode.c.h; explicitFileType = undefined; includeInIndex = 0; };
		52A9BDE2F6B74D9E874F85E9 /* SSZipArchive.h */ = {isa = PBXFileReference; name = "SSZipArchive.h"; path = "cordova-plugin-ionic/SSZipArchive.h"; sourceTree = "<group>"; fileEncoding = 4; lastKnownFileType = sourcecode.c.h; explicitFileType = undefined; includeInIndex = 0; };
		5AE076054B834CC6BE891E62 /* ARCHelper.h */ = {isa = PBXFileReference; name = "ARCHelper.h"; path = "cordova-plugin-ionic/ARCHelper.h"; sourceTree = "<group>"; fileEncoding = 4; lastKnownFileType = sourcecode.c.h; explicitFileType = undefined; includeInIndex = 0; };
		1B34C76A44DA4B809D3B4AE2 /* crypt.h */ = {isa = PBXFileReference; name = "crypt.h"; path = "cordova-plugin-ionic/crypt.h"; sourceTree = "<group>"; fileEncoding = 4; lastKnownFileType = sourcecode.c.h; explicitFileType = undefined; includeInIndex = 0; };
		A458FB542C554FF99BCCA446 /* ioapi.h */ = {isa = PBXFileReference; name = "ioapi.h"; path = "cordova-plugin-ionic/ioapi.h"; sourceTree = "<group>"; fileEncoding = 4; lastKnownFileType = sourcecode.c.h; explicitFileType = undefined; includeInIndex = 0; };
		B3BECE2CD5CD4BF387B51EB4 /* unzip.h */ = {isa = PBXFileReference; name = "unzip.h"; path = "cordova-plugin-ionic/unzip.h"; sourceTree = "<group>"; fileEncoding = 4; lastKnownFileType = sourcecode.c.h; explicitFileType = undefined; includeInIndex = 0; };
		517B5AEBFA164044A0FE6B33 /* zip.h */ = {isa = PBXFileReference; name = "zip.h"; path = "cordova-plugin-ionic/zip.h"; sourceTree = "<group>"; fileEncoding = 4; lastKnownFileType = sourcecode.c.h; explicitFileType = undefined; includeInIndex = 0; };
		07B062D8196146BCB7800E3D /* crc32.h */ = {isa = PBXFileReference; name = "crc32.h"; path = "cordova-plugin-ionic/crc32.h"; sourceTree = "<group>"; fileEncoding = 4; lastKnownFileType = sourcecode.c.h; explicitFileType = undefined; includeInIndex = 0; };
		9BDED59E6F8D4E8285D729A5 /* deflate.h */ = {isa = PBXFileReference; name = "deflate.h"; path = "cordova-plugin-ionic/deflate.h"; sourceTree = "<group>"; fileEncoding = 4; lastKnownFileType = sourcecode.c.h; explicitFileType = undefined; includeInIndex = 0; };
		77DBE70D5B6B42B1A4F3BEAC /* gzguts.h */ = {isa = PBXFileReference; name = "gzguts.h"; path = "cordova-plugin-ionic/gzguts.h"; sourceTree = "<group>"; fileEncoding = 4; lastKnownFileType = sourcecode.c.h; explicitFileType = undefined; includeInIndex = 0; };
		C199C5AA838E482494C8BB7A /* inffast.h */ = {isa = PBXFileReference; name = "inffast.h"; path = "cordova-plugin-ionic/inffast.h"; sourceTree = "<group>"; fileEncoding = 4; lastKnownFileType = sourcecode.c.h; explicitFileType = undefined; includeInIndex = 0; };
		7B67416B90144221BAB2F4AE /* inffixed.h */ = {isa = PBXFileReference; name = "inffixed.h"; path = "cordova-plugin-ionic/inffixed.h"; sourceTree = "<group>"; fileEncoding = 4; lastKnownFileType = sourcecode.c.h; explicitFileType = undefined; includeInIndex = 0; };
		48293B930C9440019F15C0CA /* inflate.h */ = {isa = PBXFileReference; name = "inflate.h"; path = "cordova-plugin-ionic/inflate.h"; sourceTree = "<group>"; fileEncoding = 4; lastKnownFileType = sourcecode.c.h; explicitFileType = undefined; includeInIndex = 0; };
		DDC4A43E8CEA4FA8B2850C78 /* inftrees.h */ = {isa = PBXFileReference; name = "inftrees.h"; path = "cordova-plugin-ionic/inftrees.h"; sourceTree = "<group>"; fileEncoding = 4; lastKnownFileType = sourcecode.c.h; explicitFileType = undefined; includeInIndex = 0; };
		705375D3DCE749CC8E1782F9 /* trees.h */ = {isa = PBXFileReference; name = "trees.h"; path = "cordova-plugin-ionic/trees.h"; sourceTree = "<group>"; fileEncoding = 4; lastKnownFileType = sourcecode.c.h; explicitFileType = undefined; includeInIndex = 0; };
		4F3BFA99731E46FBAACBDFDC /* zconf.h */ = {isa = PBXFileReference; name = "zconf.h"; path = "cordova-plugin-ionic/zconf.h"; sourceTree = "<group>"; fileEncoding = 4; lastKnownFileType = sourcecode.c.h; explicitFileType = undefined; includeInIndex = 0; };
		8D909E16ED04460D966435F2 /* zlib.h */ = {isa = PBXFileReference; name = "zlib.h"; path = "cordova-plugin-ionic/zlib.h"; sourceTree = "<group>"; fileEncoding = 4; lastKnownFileType = sourcecode.c.h; explicitFileType = undefined; includeInIndex = 0; };
		DEF4FB5CA3164C269083BAAA /* zutil.h */ = {isa = PBXFileReference; name = "zutil.h"; path = "cordova-plugin-ionic/zutil.h"; sourceTree = "<group>"; fileEncoding = 4; lastKnownFileType = sourcecode.c.h; explicitFileType = undefined; includeInIndex = 0; };
		8E0C342B9DF84C4EB9D595AA /* Base64.h */ = {isa = PBXFileReference; name = "Base64.h"; path = "cordova-plugin-ionic/Base64.h"; sourceTree = "<group>"; fileEncoding = 4; lastKnownFileType = sourcecode.c.h; explicitFileType = undefined; includeInIndex = 0; };
		3B444D52E1D14EC48F01A997 /* UNIHTTPClientHelper.h */ = {isa = PBXFileReference; name = "UNIHTTPClientHelper.h"; path = "cordova-plugin-ionic/UNIHTTPClientHelper.h"; sourceTree = "<group>"; fileEncoding = 4; lastKnownFileType = sourcecode.c.h; explicitFileType = undefined; includeInIndex = 0; };
		8740FA8EF6B74CE680EBE165 /* UNIHTTPRequest.h */ = {isa = PBXFileReference; name = "UNIHTTPRequest.h"; path = "cordova-plugin-ionic/UNIHTTPRequest.h"; sourceTree = "<group>"; fileEncoding = 4; lastKnownFileType = sourcecode.c.h; explicitFileType = undefined; includeInIndex = 0; };
		74185578737F41AFADDC87E3 /* UNIHTTPRequestWithBody.h */ = {isa = PBXFileReference; name = "UNIHTTPRequestWithBody.h"; path = "cordova-plugin-ionic/UNIHTTPRequestWithBody.h"; sourceTree = "<group>"; fileEncoding = 4; lastKnownFileType = sourcecode.c.h; explicitFileType = undefined; includeInIndex = 0; };
		D44B9071573C411DAAA94208 /* Unirest-Prefix.pch */ = {isa = PBXFileReference; name = "Unirest-Prefix.pch"; path = "cordova-plugin-ionic/Unirest-Prefix.pch"; sourceTree = "<group>"; fileEncoding = 4; lastKnownFileType = sourcecode.c.h; explicitFileType = undefined; includeInIndex = 0; };
		2CF430BCCD7B4D7FAF8E70F4 /* UNIRest.h */ = {isa = PBXFileReference; name = "UNIRest.h"; path = "cordova-plugin-ionic/UNIRest.h"; sourceTree = "<group>"; fileEncoding = 4; lastKnownFileType = sourcecode.c.h; explicitFileType = undefined; includeInIndex = 0; };
		067474121B4F4CEDA98331ED /* UNIUrlConnection.h */ = {isa = PBXFileReference; name = "UNIUrlConnection.h"; path = "cordova-plugin-ionic/UNIUrlConnection.h"; sourceTree = "<group>"; fileEncoding = 4; lastKnownFileType = sourcecode.c.h; explicitFileType = undefined; includeInIndex = 0; };
		C544FC28129D4D2CA9098385 /* UNIBaseRequest.h */ = {isa = PBXFileReference; name = "UNIBaseRequest.h"; path = "cordova-plugin-ionic/UNIBaseRequest.h"; sourceTree = "<group>"; fileEncoding = 4; lastKnownFileType = sourcecode.c.h; explicitFileType = undefined; includeInIndex = 0; };
		36CAC8D7BE964021AC54A3C9 /* UNIBodyRequest.h */ = {isa = PBXFileReference; name = "UNIBodyRequest.h"; path = "cordova-plugin-ionic/UNIBodyRequest.h"; sourceTree = "<group>"; fileEncoding = 4; lastKnownFileType = sourcecode.c.h; explicitFileType = undefined; includeInIndex = 0; };
		E99784FB356D4D22AFA22A99 /* UNISimpleRequest.h */ = {isa = PBXFileReference; name = "UNISimpleRequest.h"; path = "cordova-plugin-ionic/UNISimpleRequest.h"; sourceTree = "<group>"; fileEncoding = 4; lastKnownFileType = sourcecode.c.h; explicitFileType = undefined; includeInIndex = 0; };
		8EFEB47C0A9F4F1499CCEC2E /* UNIHTTPBinaryResponse.h */ = {isa = PBXFileReference; name = "UNIHTTPBinaryResponse.h"; path = "cordova-plugin-ionic/UNIHTTPBinaryResponse.h"; sourceTree = "<group>"; fileEncoding = 4; lastKnownFileType = sourcecode.c.h; explicitFileType = undefined; includeInIndex = 0; };
		1D97DB5B54AB4421824A2AC9 /* UNIHTTPJsonResponse.h */ = {isa = PBXFileReference; name = "UNIHTTPJsonResponse.h"; path = "cordova-plugin-ionic/UNIHTTPJsonResponse.h"; sourceTree = "<group>"; fileEncoding = 4; lastKnownFileType = sourcecode.c.h; explicitFileType = undefined; includeInIndex = 0; };
		944A5213B74B40F492FB6345 /* UNIHTTPResponse.h */ = {isa = PBXFileReference; name = "UNIHTTPResponse.h"; path = "cordova-plugin-ionic/UNIHTTPResponse.h"; sourceTree = "<group>"; fileEncoding = 4; lastKnownFileType = sourcecode.c.h; explicitFileType = undefined; includeInIndex = 0; };
		5FD436F293C14B68B3F0DC42 /* UNIHTTPStringResponse.h */ = {isa = PBXFileReference; name = "UNIHTTPStringResponse.h"; path = "cordova-plugin-ionic/UNIHTTPStringResponse.h"; sourceTree = "<group>"; fileEncoding = 4; lastKnownFileType = sourcecode.c.h; explicitFileType = undefined; includeInIndex = 0; };
		12132D8229C245A6B4361E1F /* UNIJsonNode.h */ = {isa = PBXFileReference; name = "UNIJsonNode.h"; path = "cordova-plugin-ionic/UNIJsonNode.h"; sourceTree = "<group>"; fileEncoding = 4; lastKnownFileType = sourcecode.c.h; explicitFileType = undefined; includeInIndex = 0; };
		E2A1637950FA4E8FA56C2AB3 /* IonicCordovaCommon.h */ = {isa = PBXFileReference; name = "IonicCordovaCommon.h"; path = "cordova-plugin-ionic/IonicCordovaCommon.h"; sourceTree = "<group>"; fileEncoding = 4; lastKnownFileType = sourcecode.c.h; explicitFileType = undefined; includeInIndex = 0; };
		9BADFBDC475440BAA5E2FA39 /* CDVIonicKeyboard.m */ = {isa = PBXFileReference; name = "CDVIonicKeyboard.m"; path = "cordova-plugin-ionic-keyboard/CDVIonicKeyboard.m"; sourceTree = "<group>"; fileEncoding = 4; lastKnownFileType = sourcecode.c.objc; explicitFileType = undefined; includeInIndex = 0; };
		74A0E744FA684E6EA64701D7 /* CDVIonicKeyboard.h */ = {isa = PBXFileReference; name = "CDVIonicKeyboard.h"; path = "cordova-plugin-ionic-keyboard/CDVIonicKeyboard.h"; sourceTree = "<group>"; fileEncoding = 4; lastKnownFileType = sourcecode.c.h; explicitFileType = undefined; includeInIndex = 0; };
		A6FBB9663F444D219773C3E4 /* CDVWKWebViewEngine.m */ = {isa = PBXFileReference; name = "CDVWKWebViewEngine.m"; path = "cordova-plugin-ionic-webview/CDVWKWebViewEngine.m"; sourceTree = "<group>"; fileEncoding = 4; lastKnownFileType = sourcecode.c.objc; explicitFileType = undefined; includeInIndex = 0; };
		F6282B7DDC54413D9A0C18AC /* CDVWKWebViewUIDelegate.m */ = {isa = PBXFileReference; name = "CDVWKWebViewUIDelegate.m"; path = "cordova-plugin-ionic-webview/CDVWKWebViewUIDelegate.m"; sourceTree = "<group>"; fileEncoding = 4; lastKnownFileType = sourcecode.c.objc; explicitFileType = undefined; includeInIndex = 0; };
		C59EB96237C041ACB98AE063 /* CDVWKProcessPoolFactory.m */ = {isa = PBXFileReference; name = "CDVWKProcessPoolFactory.m"; path = "cordova-plugin-ionic-webview/CDVWKProcessPoolFactory.m"; sourceTree = "<group>"; fileEncoding = 4; lastKnownFileType = sourcecode.c.objc; explicitFileType = undefined; includeInIndex = 0; };
		70314F3C743E41288E4C6A48 /* GCDWebServer.m */ = {isa = PBXFileReference; name = "GCDWebServer.m"; path = "cordova-plugin-ionic-webview/GCDWebServer.m"; sourceTree = "<group>"; fileEncoding = 4; lastKnownFileType = sourcecode.c.objc; explicitFileType = undefined; includeInIndex = 0; };
		7F79469682EA46F2A7036092 /* GCDWebServerConnection.m */ = {isa = PBXFileReference; name = "GCDWebServerConnection.m"; path = "cordova-plugin-ionic-webview/GCDWebServerConnection.m"; sourceTree = "<group>"; fileEncoding = 4; lastKnownFileType = sourcecode.c.objc; explicitFileType = undefined; includeInIndex = 0; };
		75BA0D41D13D481CA806B570 /* GCDWebServerFunctions.m */ = {isa = PBXFileReference; name = "GCDWebServerFunctions.m"; path = "cordova-plugin-ionic-webview/GCDWebServerFunctions.m"; sourceTree = "<group>"; fileEncoding = 4; lastKnownFileType = sourcecode.c.objc; explicitFileType = undefined; includeInIndex = 0; };
		06B014F5FDD54E3E87D880B1 /* GCDWebServerRequest.m */ = {isa = PBXFileReference; name = "GCDWebServerRequest.m"; path = "cordova-plugin-ionic-webview/GCDWebServerRequest.m"; sourceTree = "<group>"; fileEncoding = 4; lastKnownFileType = sourcecode.c.objc; explicitFileType = undefined; includeInIndex = 0; };
		EBE244E296B74339AE4F5B7B /* GCDWebServerResponse.m */ = {isa = PBXFileReference; name = "GCDWebServerResponse.m"; path = "cordova-plugin-ionic-webview/GCDWebServerResponse.m"; sourceTree = "<group>"; fileEncoding = 4; lastKnownFileType = sourcecode.c.objc; explicitFileType = undefined; includeInIndex = 0; };
		7B284C5AE5FE4C4D957F884F /* GCDWebServerDataRequest.m */ = {isa = PBXFileReference; name = "GCDWebServerDataRequest.m"; path = "cordova-plugin-ionic-webview/GCDWebServerDataRequest.m"; sourceTree = "<group>"; fileEncoding = 4; lastKnownFileType = sourcecode.c.objc; explicitFileType = undefined; includeInIndex = 0; };
		D77E1549768B484F978D7EBD /* GCDWebServerFileRequest.m */ = {isa = PBXFileReference; name = "GCDWebServerFileRequest.m"; path = "cordova-plugin-ionic-webview/GCDWebServerFileRequest.m"; sourceTree = "<group>"; fileEncoding = 4; lastKnownFileType = sourcecode.c.objc; explicitFileType = undefined; includeInIndex = 0; };
		96B57AEB80F44124BAA9441D /* GCDWebServerMultiPartFormRequest.m */ = {isa = PBXFileReference; name = "GCDWebServerMultiPartFormRequest.m"; path = "cordova-plugin-ionic-webview/GCDWebServerMultiPartFormRequest.m"; sourceTree = "<group>"; fileEncoding = 4; lastKnownFileType = sourcecode.c.objc; explicitFileType = undefined; includeInIndex = 0; };
		B7AB52B48CBB496785749515 /* GCDWebServerURLEncodedFormRequest.m */ = {isa = PBXFileReference; name = "GCDWebServerURLEncodedFormRequest.m"; path = "cordova-plugin-ionic-webview/GCDWebServerURLEncodedFormRequest.m"; sourceTree = "<group>"; fileEncoding = 4; lastKnownFileType = sourcecode.c.objc; explicitFileType = undefined; includeInIndex = 0; };
		881152ED406F4CAF8EE8C0F9 /* GCDWebServerDataResponse.m */ = {isa = PBXFileReference; name = "GCDWebServerDataResponse.m"; path = "cordova-plugin-ionic-webview/GCDWebServerDataResponse.m"; sourceTree = "<group>"; fileEncoding = 4; lastKnownFileType = sourcecode.c.objc; explicitFileType = undefined; includeInIndex = 0; };
		570ADD394CC542A19E0E3B7A /* GCDWebServerErrorResponse.m */ = {isa = PBXFileReference; name = "GCDWebServerErrorResponse.m"; path = "cordova-plugin-ionic-webview/GCDWebServerErrorResponse.m"; sourceTree = "<group>"; fileEncoding = 4; lastKnownFileType = sourcecode.c.objc; explicitFileType = undefined; includeInIndex = 0; };
		20086E00123A4DCFA03AF0EB /* GCDWebServerFileResponse.m */ = {isa = PBXFileReference; name = "GCDWebServerFileResponse.m"; path = "cordova-plugin-ionic-webview/GCDWebServerFileResponse.m"; sourceTree = "<group>"; fileEncoding = 4; lastKnownFileType = sourcecode.c.objc; explicitFileType = undefined; includeInIndex = 0; };
		BDCFDF0DF4E94A4A8FE5D995 /* GCDWebServerStreamedResponse.m */ = {isa = PBXFileReference; name = "GCDWebServerStreamedResponse.m"; path = "cordova-plugin-ionic-webview/GCDWebServerStreamedResponse.m"; sourceTree = "<group>"; fileEncoding = 4; lastKnownFileType = sourcecode.c.objc; explicitFileType = undefined; includeInIndex = 0; };
		0BD67A82208C4D4E9BF4F191 /* CDVWKWebViewEngine.h */ = {isa = PBXFileReference; name = "CDVWKWebViewEngine.h"; path = "cordova-plugin-ionic-webview/CDVWKWebViewEngine.h"; sourceTree = "<group>"; fileEncoding = 4; lastKnownFileType = sourcecode.c.h; explicitFileType = undefined; includeInIndex = 0; };
		44EBFF637CF141A1B690B093 /* CDVWKWebViewUIDelegate.h */ = {isa = PBXFileReference; name = "CDVWKWebViewUIDelegate.h"; path = "cordova-plugin-ionic-webview/CDVWKWebViewUIDelegate.h"; sourceTree = "<group>"; fileEncoding = 4; lastKnownFileType = sourcecode.c.h; explicitFileType = undefined; includeInIndex = 0; };
		EA82DE3E64A34CEBBC9FA0F2 /* CDVWKProcessPoolFactory.h */ = {isa = PBXFileReference; name = "CDVWKProcessPoolFactory.h"; path = "cordova-plugin-ionic-webview/CDVWKProcessPoolFactory.h"; sourceTree = "<group>"; fileEncoding = 4; lastKnownFileType = sourcecode.c.h; explicitFileType = undefined; includeInIndex = 0; };
		F2EC959EFA11407192BC42E1 /* GCDWebServer.h */ = {isa = PBXFileReference; name = "GCDWebServer.h"; path = "cordova-plugin-ionic-webview/GCDWebServer.h"; sourceTree = "<group>"; fileEncoding = 4; lastKnownFileType = sourcecode.c.h; explicitFileType = undefined; includeInIndex = 0; };
		53E28ACE39BB496D85EAA8FD /* GCDWebServerConnection.h */ = {isa = PBXFileReference; name = "GCDWebServerConnection.h"; path = "cordova-plugin-ionic-webview/GCDWebServerConnection.h"; sourceTree = "<group>"; fileEncoding = 4; lastKnownFileType = sourcecode.c.h; explicitFileType = undefined; includeInIndex = 0; };
		7D6ED183CBDC4637967D9DF1 /* GCDWebServerFunctions.h */ = {isa = PBXFileReference; name = "GCDWebServerFunctions.h"; path = "cordova-plugin-ionic-webview/GCDWebServerFunctions.h"; sourceTree = "<group>"; fileEncoding = 4; lastKnownFileType = sourcecode.c.h; explicitFileType = undefined; includeInIndex = 0; };
		00640391827D4A77A962A59A /* GCDWebServerHTTPStatusCodes.h */ = {isa = PBXFileReference; name = "GCDWebServerHTTPStatusCodes.h"; path = "cordova-plugin-ionic-webview/GCDWebServerHTTPStatusCodes.h"; sourceTree = "<group>"; fileEncoding = 4; lastKnownFileType = sourcecode.c.h; explicitFileType = undefined; includeInIndex = 0; };
		99C3808A54B54CAAB4BD9FD0 /* GCDWebServerPrivate.h */ = {isa = PBXFileReference; name = "GCDWebServerPrivate.h"; path = "cordova-plugin-ionic-webview/GCDWebServerPrivate.h"; sourceTree = "<group>"; fileEncoding = 4; lastKnownFileType = sourcecode.c.h; explicitFileType = undefined; includeInIndex = 0; };
		8C0F3DC54B8D4F0A8BA86A5F /* GCDWebServerRequest.h */ = {isa = PBXFileReference; name = "GCDWebServerRequest.h"; path = "cordova-plugin-ionic-webview/GCDWebServerRequest.h"; sourceTree = "<group>"; fileEncoding = 4; lastKnownFileType = sourcecode.c.h; explicitFileType = undefined; includeInIndex = 0; };
		A063922145C74FA48E7C5C6D /* GCDWebServerResponse.h */ = {isa = PBXFileReference; name = "GCDWebServerResponse.h"; path = "cordova-plugin-ionic-webview/GCDWebServerResponse.h"; sourceTree = "<group>"; fileEncoding = 4; lastKnownFileType = sourcecode.c.h; explicitFileType = undefined; includeInIndex = 0; };
		F52D06AC5E764A8B89D48B01 /* GCDWebServerDataRequest.h */ = {isa = PBXFileReference; name = "GCDWebServerDataRequest.h"; path = "cordova-plugin-ionic-webview/GCDWebServerDataRequest.h"; sourceTree = "<group>"; fileEncoding = 4; lastKnownFileType = sourcecode.c.h; explicitFileType = undefined; includeInIndex = 0; };
		94DBA3663BAC41B5BDE51521 /* GCDWebServerFileRequest.h */ = {isa = PBXFileReference; name = "GCDWebServerFileRequest.h"; path = "cordova-plugin-ionic-webview/GCDWebServerFileRequest.h"; sourceTree = "<group>"; fileEncoding = 4; lastKnownFileType = sourcecode.c.h; explicitFileType = undefined; includeInIndex = 0; };
		85324E1EA36E42939876F489 /* GCDWebServerMultiPartFormRequest.h */ = {isa = PBXFileReference; name = "GCDWebServerMultiPartFormRequest.h"; path = "cordova-plugin-ionic-webview/GCDWebServerMultiPartFormRequest.h"; sourceTree = "<group>"; fileEncoding = 4; lastKnownFileType = sourcecode.c.h; explicitFileType = undefined; includeInIndex = 0; };
		FBF1AEF9BE434E96BBB523AE /* GCDWebServerURLEncodedFormRequest.h */ = {isa = PBXFileReference; name = "GCDWebServerURLEncodedFormRequest.h"; path = "cordova-plugin-ionic-webview/GCDWebServerURLEncodedFormRequest.h"; sourceTree = "<group>"; fileEncoding = 4; lastKnownFileType = sourcecode.c.h; explicitFileType = undefined; includeInIndex = 0; };
		64F4EF5101094D9A86AA6ADE /* GCDWebServerDataResponse.h */ = {isa = PBXFileReference; name = "GCDWebServerDataResponse.h"; path = "cordova-plugin-ionic-webview/GCDWebServerDataResponse.h"; sourceTree = "<group>"; fileEncoding = 4; lastKnownFileType = sourcecode.c.h; explicitFileType = undefined; includeInIndex = 0; };
		AE34D04DC3784C9C8E184224 /* GCDWebServerErrorResponse.h */ = {isa = PBXFileReference; name = "GCDWebServerErrorResponse.h"; path = "cordova-plugin-ionic-webview/GCDWebServerErrorResponse.h"; sourceTree = "<group>"; fileEncoding = 4; lastKnownFileType = sourcecode.c.h; explicitFileType = undefined; includeInIndex = 0; };
		532CFCAFE4CC4CA5B603A7A7 /* GCDWebServerFileResponse.h */ = {isa = PBXFileReference; name = "GCDWebServerFileResponse.h"; path = "cordova-plugin-ionic-webview/GCDWebServerFileResponse.h"; sourceTree = "<group>"; fileEncoding = 4; lastKnownFileType = sourcecode.c.h; explicitFileType = undefined; includeInIndex = 0; };
		941D969CFC8A4EC0B23940F9 /* GCDWebServerStreamedResponse.h */ = {isa = PBXFileReference; name = "GCDWebServerStreamedResponse.h"; path = "cordova-plugin-ionic-webview/GCDWebServerStreamedResponse.h"; sourceTree = "<group>"; fileEncoding = 4; lastKnownFileType = sourcecode.c.h; explicitFileType = undefined; includeInIndex = 0; };
		FA4B0BA6A09A4A96A9309AF0 /* WebKit.framework */ = {isa = PBXFileReference; name = "WebKit.framework"; path = "System/Library/Frameworks/WebKit.framework"; sourceTree = SDKROOT; fileEncoding = undefined; lastKnownFileType = wrapper.framework; explicitFileType = undefined; includeInIndex = 0; };
		A4EC748407A24C2B9151988A /* libz.tbd */ = {isa = PBXFileReference; name = "libz.tbd"; path = "usr/lib/libz.tbd"; sourceTree = SDKROOT; fileEncoding = undefined; lastKnownFileType = sourcecode.text-based-dylib-definition; explicitFileType = undefined; includeInIndex = 0; };
/* End PBXFileReference section */

/* Begin PBXFrameworksBuildPhase section */
		1D60588F0D05DD3D006BFB54 /* Frameworks */ = {
			isa = PBXFrameworksBuildPhase;
			buildActionMask = 2147483647;
			files = (
				301BF552109A68D80062928A /* libCordova.a in Frameworks */,
				2293E3E76E374A128B3D7716 /* FirebaseAnalytics.framework in Frameworks */,
				C2E77B2BFDCF40E38F3F62F1 /* FirebaseCore.framework in Frameworks */,
				4526BCEC1E9A4C12BAD78ED4 /* FirebaseCoreDiagnostics.framework in Frameworks */,
				B978465AA88044758C913181 /* FirebaseInstanceID.framework in Frameworks */,
				43321CA5C52E411F8D24AF26 /* FirebaseNanoPB.framework in Frameworks */,
				AD20741A58A245CAAFCDC457 /* GoogleToolboxForMac.framework in Frameworks */,
				0D2908168B9F4116BDFA18CF /* nanopb.framework in Frameworks */,
				4600426909DD43B6A368DE7F /* Protobuf.framework in Frameworks */,
				26FA82008C8A4CBD9F5D21EB /* FirebaseMessaging.framework in Frameworks */,
				D4191FADFDB344849F899466 /* FirebaseCrash.framework in Frameworks */,
				3B0D0026206D48798EF69650 /* FirebaseRemoteConfig.framework in Frameworks */,
				3E4C8D49E113486990B3933D /* FirebaseABTesting.framework in Frameworks */,
				A296C3CAF3804C17A34CA3B4 /* FirebaseAuth.framework in Frameworks */,
				2B03C343D6D54CB6A1960B31 /* GTMSessionFetcher.framework in Frameworks */,
				1D50D9F5B9ED4F7B951DF3C7 /* FirebasePerformance.framework in Frameworks */,
				CFD179230A2941B88EAE00A3 /* FirebaseISASwizzler.framework in Frameworks */,
				C75F1C91396C46B48418E02C /* FirebaseMethodSwizzler.framework in Frameworks */,
				8D320CC4AF18411D94577664 /* WebKit.framework in Frameworks */,
				858E777F3759461E9CE480FC /* libz.tbd in Frameworks */,
			);
			runOnlyForDeploymentPostprocessing = 0;
		};
/* End PBXFrameworksBuildPhase section */

/* Begin PBXGroup section */
		080E96DDFE201D6D7F000001 /* Classes */ = {
			isa = PBXGroup;
			children = (
				302D95EE14D2391D003F00A1 /* MainViewController.h */,
				302D95EF14D2391D003F00A1 /* MainViewController.m */,
				302D95F014D2391D003F00A1 /* MainViewController.xib */,
				1D3623240D0F684500981E51 /* AppDelegate.h */,
				1D3623250D0F684500981E51 /* AppDelegate.m */,
			);
			name = Classes;
			path = "web/Classes";
			sourceTree = SOURCE_ROOT;
		};
		19C28FACFE9D520D11CA2CBB /* Products */ = {
			isa = PBXGroup;
			children = (
				1D6058910D05DD3D006BFB54 /* web.app */,
			);
			name = Products;
			sourceTree = "<group>";
		};
		29B97314FDCFA39411CA2CEA /* CustomTemplate */ = {
			isa = PBXGroup;
			children = (
				EB87FDF41871DAF40020F90C /* config.xml */,
				EB87FDF31871DA8E0020F90C /* www */,
				EB87FDF11871DA420020F90C /* Staging */,
				301BF52D109A57CC0062928A /* CordovaLib.xcodeproj */,
				080E96DDFE201D6D7F000001 /* Classes */,
				307C750510C5A3420062BCA9 /* Plugins */,
				29B97315FDCFA39411CA2CEA /* Other Sources */,
				29B97317FDCFA39411CA2CEA /* Resources */,
				29B97323FDCFA39411CA2CEA /* Frameworks */,
				19C28FACFE9D520D11CA2CBB /* Products */,
			);
			name = CustomTemplate;
			sourceTree = "<group>";
		};
		29B97315FDCFA39411CA2CEA /* Other Sources */ = {
			isa = PBXGroup;
			children = (
				32CA4F630368D1EE00C91783 /* web-Prefix.pch */,
				29B97316FDCFA39411CA2CEA /* main.m */,
				ED33DF2A687741AEAF9F8254 /* Bridging-Header.h */,
			);
			name = "Other Sources";
			path = "web";
			sourceTree = "<group>";
		};
		29B97317FDCFA39411CA2CEA /* Resources */ = {
			isa = PBXGroup;
			children = (
				0207DA571B56EA530066E2B4 /* Images.xcassets */,
				3047A50E1AB8057F00498E2A /* config */,
				8D1107310486CEB800E47090 /* web-Info.plist */,
				6AFF5BF81D6E424B00AB3073 /* CDVLaunchScreen.storyboard */,
				0B182E3001CA4EBEA3944CC3 /* GoogleService-Info.plist */,
			);
			name = Resources;
			path = "web/Resources";
			sourceTree = "<group>";
		};
		29B97323FDCFA39411CA2CEA /* Frameworks */ = {
			isa = PBXGroup;
			children = (
				9206745077A84E9BBCB4E31B /* FirebaseAnalytics.framework */,
				896E98FD20AF4E89B7403AB5 /* FirebaseCore.framework */,
				9AFED075F2834B1182EE9CD8 /* FirebaseCoreDiagnostics.framework */,
				B2EEE69AC73143B89B243115 /* FirebaseInstanceID.framework */,
				F299F44B452A44099A2EA25C /* FirebaseNanoPB.framework */,
				DABC7EF0995841919B1F9CA1 /* GoogleToolboxForMac.framework */,
				CC1235CC340244AEBEF57166 /* nanopb.framework */,
				1F3F0CC93C8B4DC89697004D /* Protobuf.framework */,
				8A89D7ECC22B49E4BCFF598F /* FirebaseMessaging.framework */,
				67372FC177664060A959B879 /* FirebaseCrash.framework */,
				2878987A6A24409E948B5420 /* FirebaseRemoteConfig.framework */,
				FF7387580FB64A21BAB0F800 /* FirebaseABTesting.framework */,
				0AC5541090104C1CBFF57D84 /* FirebaseAuth.framework */,
				E97E6BB39D0C45E6A0C0BD44 /* GTMSessionFetcher.framework */,
				6B35FCCA3AD646328DE49D4E /* FirebasePerformance.framework */,
				5A9250D106894FBD949E5854 /* FirebaseISASwizzler.framework */,
				376B6A169FCE42BCB56C9567 /* FirebaseMethodSwizzler.framework */,
				FA4B0BA6A09A4A96A9309AF0 /* WebKit.framework */,
				A4EC748407A24C2B9151988A /* libz.tbd */,
			);
			name = Frameworks;
			sourceTree = "<group>";
		};
		301BF52E109A57CC0062928A /* Products */ = {
			isa = PBXGroup;
			children = (
				301BF535109A57CC0062928A /* libCordova.a */,
			);
			name = Products;
			sourceTree = "<group>";
		};
		3047A50E1AB8057F00498E2A /* config */ = {
			isa = PBXGroup;
			children = (
				3047A50F1AB8059700498E2A /* build-debug.xcconfig */,
				3047A5101AB8059700498E2A /* build-release.xcconfig */,
				3047A5111AB8059700498E2A /* build.xcconfig */,
			);
			name = config;
			sourceTree = "<group>";
		};
		307C750510C5A3420062BCA9 /* Plugins */ = {
			isa = PBXGroup;
			children = (
				B9BA1B81821C409FA1965F2E /* CDVDevice.m */,
				D00C42563B4B4670BBF18847 /* CDVDevice.h */,
				CDA5859080AE4175AD354651 /* AppDelegate+FirebasePlugin.m */,
				A30B3CD3534D4A8BB814A83C /* FirebasePlugin.m */,
				7FF4958B23134CD6A5117C9A /* AppDelegate+FirebasePlugin.h */,
				C16A57D5D029486F9BB071E6 /* FirebasePlugin.h */,
				53868BC7D00C471F8559EF0C /* Firebase.h */,
				F64D8069D2F044168FC330B8 /* CDVInAppBrowser.m */,
				A1A85EF44F574BB49A5A954E /* CDVInAppBrowser.h */,
				BE2819893A404F61B1627FB8 /* CDVSplashScreen.m */,
				1ECC714F15344CB5B8B51EF8 /* CDVViewController+SplashScreen.m */,
				1EC3E923CA1342BC835DA886 /* CDVSplashScreen.h */,
				76602F1D49384433999CD50D /* CDVViewController+SplashScreen.h */,
				78D3ADB8041E4D6DB6F6767F /* CDVSplashScreen+IonicDeploy.m */,
				131BB4EA9E4142A396F34F79 /* IonicConstant.m */,
				5CE3138A791E42139FA91745 /* IonicDeploy.m */,
				330F5DCF98854064920EC7F5 /* Download.m */,
				BB19B0DCE6E5405881A5E773 /* DownloadManager.m */,
				14276B25C5BF483A8F6B1BD1 /* SSZipArchive.m */,
				7A8EE61A37774AFD97BC8EA9 /* ioapi.c */,
				284B6CCA244F43D0AEADF3EE /* unzip.c */,
				33BB10602051464982BA58F1 /* zip.c */,
				D3B12C68805C4D55A356B1A5 /* adler32.c */,
				AA54561A9688456F87D7C785 /* compress.c */,
				C7F4FC91D0C0454B8B6BE49C /* crc32.c */,
				AE21051AD0D64076AF731798 /* deflate.c */,
				366A3E64B79D453A82661912 /* gzclose.c */,
				0C0616E231CF4A84B41B8C86 /* gzlib.c */,
				12E723794AA84D63AECD0104 /* gzread.c */,
				0592492CF035435DA892CA3E /* gzwrite.c */,
				FB82EC6B1D654F79AEC75705 /* infback.c */,
				0045E3353D5848E3A62C4214 /* inffast.c */,
				A1AFEC9BC9004C439FD6EA02 /* inflate.c */,
				5A79C6913BE649F0B9348493 /* inftrees.c */,
				86F1F7EE70364A838E4D37E8 /* trees.c */,
				97C0EC9C19C246FD8004DE26 /* uncompr.c */,
				432D12D3F9F14E2881DD899B /* zutil.c */,
				DFCA630D29A94609954997ED /* Base64.m */,
				929B21FC722C4D67909362BE /* UNIHTTPClientHelper.m */,
				D060ECC60D514941ABFB9A40 /* UNIHTTPRequest.m */,
				91B191DAB4364E728D486DB6 /* UNIHTTPRequestWithBody.m */,
				3E6C2104CA484C45A377B921 /* UNIRest.m */,
				F3C5D57BC9DF458FA089E79B /* UNIUrlConnection.m */,
				15BAECB4B98D4736BF5EE94B /* UNIBaseRequest.m */,
				A771995666514C4C90B2CB95 /* UNIBodyRequest.m */,
				A67806DB7F1C45419A6AD95E /* UNISimpleRequest.m */,
				023187C3AC6E4AD7ABDC1869 /* UNIHTTPBinaryResponse.m */,
				63A65719A86848B899AD3CB4 /* UNIHTTPJsonResponse.m */,
				1D0033CACCE34957A8410A20 /* UNIHTTPResponse.m */,
				3ECEA3C1914C4050A68C8C56 /* UNIHTTPStringResponse.m */,
				03AC5214529144AFB4696D7F /* UNIJsonNode.m */,
				BD99257EDBE0425B860DDF20 /* IonicCordovaCommon.m */,
				5BEA642C09FA4E12AB292CC5 /* CDVSplashScreen+IonicDeploy.h */,
				A79AEDCBA68A46CDB9AD2292 /* IonicConstant.h */,
				21AE27AC32C84CF6A4E01262 /* IonicDeploy.h */,
				89D26BA4967F42B588D90A7D /* Download.h */,
				A8D542D67D2647DCA5EFB5FA /* DownloadManager.h */,
				52A9BDE2F6B74D9E874F85E9 /* SSZipArchive.h */,
				5AE076054B834CC6BE891E62 /* ARCHelper.h */,
				1B34C76A44DA4B809D3B4AE2 /* crypt.h */,
				A458FB542C554FF99BCCA446 /* ioapi.h */,
				B3BECE2CD5CD4BF387B51EB4 /* unzip.h */,
				517B5AEBFA164044A0FE6B33 /* zip.h */,
				07B062D8196146BCB7800E3D /* crc32.h */,
				9BDED59E6F8D4E8285D729A5 /* deflate.h */,
				77DBE70D5B6B42B1A4F3BEAC /* gzguts.h */,
				C199C5AA838E482494C8BB7A /* inffast.h */,
				7B67416B90144221BAB2F4AE /* inffixed.h */,
				48293B930C9440019F15C0CA /* inflate.h */,
				DDC4A43E8CEA4FA8B2850C78 /* inftrees.h */,
				705375D3DCE749CC8E1782F9 /* trees.h */,
				4F3BFA99731E46FBAACBDFDC /* zconf.h */,
				8D909E16ED04460D966435F2 /* zlib.h */,
				DEF4FB5CA3164C269083BAAA /* zutil.h */,
				8E0C342B9DF84C4EB9D595AA /* Base64.h */,
				3B444D52E1D14EC48F01A997 /* UNIHTTPClientHelper.h */,
				8740FA8EF6B74CE680EBE165 /* UNIHTTPRequest.h */,
				74185578737F41AFADDC87E3 /* UNIHTTPRequestWithBody.h */,
				D44B9071573C411DAAA94208 /* Unirest-Prefix.pch */,
				2CF430BCCD7B4D7FAF8E70F4 /* UNIRest.h */,
				067474121B4F4CEDA98331ED /* UNIUrlConnection.h */,
				C544FC28129D4D2CA9098385 /* UNIBaseRequest.h */,
				36CAC8D7BE964021AC54A3C9 /* UNIBodyRequest.h */,
				E99784FB356D4D22AFA22A99 /* UNISimpleRequest.h */,
				8EFEB47C0A9F4F1499CCEC2E /* UNIHTTPBinaryResponse.h */,
				1D97DB5B54AB4421824A2AC9 /* UNIHTTPJsonResponse.h */,
				944A5213B74B40F492FB6345 /* UNIHTTPResponse.h */,
				5FD436F293C14B68B3F0DC42 /* UNIHTTPStringResponse.h */,
				12132D8229C245A6B4361E1F /* UNIJsonNode.h */,
				E2A1637950FA4E8FA56C2AB3 /* IonicCordovaCommon.h */,
				9BADFBDC475440BAA5E2FA39 /* CDVIonicKeyboard.m */,
				74A0E744FA684E6EA64701D7 /* CDVIonicKeyboard.h */,
				A6FBB9663F444D219773C3E4 /* CDVWKWebViewEngine.m */,
				F6282B7DDC54413D9A0C18AC /* CDVWKWebViewUIDelegate.m */,
				C59EB96237C041ACB98AE063 /* CDVWKProcessPoolFactory.m */,
				70314F3C743E41288E4C6A48 /* GCDWebServer.m */,
				7F79469682EA46F2A7036092 /* GCDWebServerConnection.m */,
				75BA0D41D13D481CA806B570 /* GCDWebServerFunctions.m */,
				06B014F5FDD54E3E87D880B1 /* GCDWebServerRequest.m */,
				EBE244E296B74339AE4F5B7B /* GCDWebServerResponse.m */,
				7B284C5AE5FE4C4D957F884F /* GCDWebServerDataRequest.m */,
				D77E1549768B484F978D7EBD /* GCDWebServerFileRequest.m */,
				96B57AEB80F44124BAA9441D /* GCDWebServerMultiPartFormRequest.m */,
				B7AB52B48CBB496785749515 /* GCDWebServerURLEncodedFormRequest.m */,
				881152ED406F4CAF8EE8C0F9 /* GCDWebServerDataResponse.m */,
				570ADD394CC542A19E0E3B7A /* GCDWebServerErrorResponse.m */,
				20086E00123A4DCFA03AF0EB /* GCDWebServerFileResponse.m */,
				BDCFDF0DF4E94A4A8FE5D995 /* GCDWebServerStreamedResponse.m */,
				0BD67A82208C4D4E9BF4F191 /* CDVWKWebViewEngine.h */,
				44EBFF637CF141A1B690B093 /* CDVWKWebViewUIDelegate.h */,
				EA82DE3E64A34CEBBC9FA0F2 /* CDVWKProcessPoolFactory.h */,
				F2EC959EFA11407192BC42E1 /* GCDWebServer.h */,
				53E28ACE39BB496D85EAA8FD /* GCDWebServerConnection.h */,
				7D6ED183CBDC4637967D9DF1 /* GCDWebServerFunctions.h */,
				00640391827D4A77A962A59A /* GCDWebServerHTTPStatusCodes.h */,
				99C3808A54B54CAAB4BD9FD0 /* GCDWebServerPrivate.h */,
				8C0F3DC54B8D4F0A8BA86A5F /* GCDWebServerRequest.h */,
				A063922145C74FA48E7C5C6D /* GCDWebServerResponse.h */,
				F52D06AC5E764A8B89D48B01 /* GCDWebServerDataRequest.h */,
				94DBA3663BAC41B5BDE51521 /* GCDWebServerFileRequest.h */,
				85324E1EA36E42939876F489 /* GCDWebServerMultiPartFormRequest.h */,
				FBF1AEF9BE434E96BBB523AE /* GCDWebServerURLEncodedFormRequest.h */,
				64F4EF5101094D9A86AA6ADE /* GCDWebServerDataResponse.h */,
				AE34D04DC3784C9C8E184224 /* GCDWebServerErrorResponse.h */,
				532CFCAFE4CC4CA5B603A7A7 /* GCDWebServerFileResponse.h */,
				941D969CFC8A4EC0B23940F9 /* GCDWebServerStreamedResponse.h */,
			);
			name = Plugins;
			path = "web/Plugins";
			sourceTree = SOURCE_ROOT;
		};
		EB87FDF11871DA420020F90C /* Staging */ = {
			isa = PBXGroup;
			children = (
				F840E1F0165FE0F500CFE078 /* config.xml */,
				301BF56E109A69640062928A /* www */,
			);
			name = Staging;
			sourceTree = "<group>";
		};
/* End PBXGroup section */

/* Begin PBXNativeTarget section */
		1D6058900D05DD3D006BFB54 /* web */ = {
			isa = PBXNativeTarget;
			buildConfigurationList = 1D6058960D05DD3E006BFB54 /* Build configuration list for PBXNativeTarget "web" */;
			buildPhases = (
				304B58A110DAC018002A0835 /* Copy www directory */,
				1D60588D0D05DD3D006BFB54 /* Resources */,
				1D60588E0D05DD3D006BFB54 /* Sources */,
				1D60588F0D05DD3D006BFB54 /* Frameworks */,
			);
			buildRules = (
			);
			dependencies = (
				301BF551109A68C00062928A /* PBXTargetDependency */,
			);
			name = "web";
			productName = "web";
			productReference = 1D6058910D05DD3D006BFB54 /* web.app */;
			productType = "com.apple.product-type.application";
		};
/* End PBXNativeTarget section */

/* Begin PBXProject section */
		29B97313FDCFA39411CA2CEA /* Project object */ = {
			isa = PBXProject;
			attributes = {
				LastUpgradeCheck = 510;
			};
			buildConfigurationList = C01FCF4E08A954540054247B /* Build configuration list for PBXProject "__NON-CLI__" */;
			compatibilityVersion = "Xcode 3.2";
			developmentRegion = English;
			hasScannedForEncodings = 1;
			mainGroup = 29B97314FDCFA39411CA2CEA /* CustomTemplate */;
			projectDirPath = "";
			projectReferences = (
				{
					ProductGroup = 301BF52E109A57CC0062928A /* Products */;
					ProjectRef = 301BF52D109A57CC0062928A /* CordovaLib.xcodeproj */;
				},
			);
			projectRoot = "";
			targets = (
				1D6058900D05DD3D006BFB54 /* web */,
			);
		};
/* End PBXProject section */

/* Begin PBXReferenceProxy section */
		301BF535109A57CC0062928A /* libCordova.a */ = {
			isa = PBXReferenceProxy;
			fileType = archive.ar;
			path = libCordova.a;
			remoteRef = 301BF534109A57CC0062928A /* PBXContainerItemProxy */;
			sourceTree = BUILT_PRODUCTS_DIR;
		};
/* End PBXReferenceProxy section */

/* Begin PBXResourcesBuildPhase section */
		1D60588D0D05DD3D006BFB54 /* Resources */ = {
			isa = PBXResourcesBuildPhase;
			buildActionMask = 2147483647;
			files = (
				302D95F214D2391D003F00A1 /* MainViewController.xib in Resources */,
				0207DA581B56EA530066E2B4 /* Images.xcassets in Resources */,
				6AFF5BF91D6E424B00AB3073 /* CDVLaunchScreen.storyboard in Resources */,
				9F345506417B43779812D8F4 /* GoogleService-Info.plist in Resources */,
			);
			runOnlyForDeploymentPostprocessing = 0;
		};
/* End PBXResourcesBuildPhase section */

/* Begin PBXShellScriptBuildPhase section */
		304B58A110DAC018002A0835 /* Copy www directory */ = {
			isa = PBXShellScriptBuildPhase;
			buildActionMask = 2147483647;
			files = (
			);
			inputPaths = (
			);
			name = "Copy www directory";
			outputPaths = (
			);
			runOnlyForDeploymentPostprocessing = 0;
			shellPath = /bin/sh;
			shellScript = "NODEJS_PATH=/usr/local/bin; NVM_NODE_PATH=~/.nvm/versions/node/`nvm version 2>/dev/null`/bin; N_NODE_PATH=`find /usr/local/n/versions/node/* -maxdepth 0 -type d 2>/dev/null | tail -1`/bin; XCODE_NODE_PATH=`xcode-select --print-path`/usr/share/xcs/Node/bin; PATH=$NODEJS_PATH:$NVM_NODE_PATH:$N_NODE_PATH:$XCODE_NODE_PATH:$PATH && node cordova/lib/copy-www-build-step.js";
			showEnvVarsInLog = 0;
		};
/* End PBXShellScriptBuildPhase section */

/* Begin PBXSourcesBuildPhase section */
		1D60588E0D05DD3D006BFB54 /* Sources */ = {
			isa = PBXSourcesBuildPhase;
			buildActionMask = 2147483647;
			files = (
				1D60589B0D05DD56006BFB54 /* main.m in Sources */,
				1D3623260D0F684500981E51 /* AppDelegate.m in Sources */,
				302D95F114D2391D003F00A1 /* MainViewController.m in Sources */,
				3289F74A9B5545F6BABEE8E9 /* CDVDevice.m in Sources */,
				4A1B3B0FBC5C4456B11D2D60 /* AppDelegate+FirebasePlugin.m in Sources */,
				150AED2BE1814635AC3E8AF5 /* FirebasePlugin.m in Sources */,
				47E0815A470C4FCDAD3C0979 /* CDVInAppBrowser.m in Sources */,
				0CD4E95BF03C4F9680EC16F3 /* CDVSplashScreen.m in Sources */,
				67048FB10E5B4FF0B8E25122 /* CDVViewController+SplashScreen.m in Sources */,
				D280A6BC3E90477BAAAF0BAF /* CDVSplashScreen+IonicDeploy.m in Sources */,
				C4FE5D0585FB4732A582E865 /* IonicConstant.m in Sources */,
				F50AFC28CE1A4511AD73076D /* IonicDeploy.m in Sources */,
				D5331EBD7BDB4D10AC54E67E /* Download.m in Sources */,
				7BF7FCA47B8F46CD883DED3A /* DownloadManager.m in Sources */,
				E260289DC48745AEBA03C736 /* SSZipArchive.m in Sources */,
				4201AD5582B74D73B7B4CD73 /* ioapi.c in Resources */,
				C9EB4F68308A46A5B5079FFE /* unzip.c in Resources */,
				32600D526CB5401DBB4CB74D /* zip.c in Resources */,
				A323FBAE812248AF8347F626 /* adler32.c in Resources */,
				6B8CD61F6175499283CB8750 /* compress.c in Resources */,
				774BAEDE290745C0B7A36B6A /* crc32.c in Resources */,
				87CDD2A8B766438CAC20FBBA /* deflate.c in Resources */,
				272A5E486AD54E2299D17A61 /* gzclose.c in Resources */,
				693499A051184BE283FE5F91 /* gzlib.c in Resources */,
				A339635A8C6743B194BACDD0 /* gzread.c in Resources */,
				E636F34E41F04882847EC39E /* gzwrite.c in Resources */,
				DB345FC60BBB41399BB538E7 /* infback.c in Resources */,
				4AF8C28E8BC44460B58D5F44 /* inffast.c in Resources */,
				E72FA4DE14BB405E80FF6731 /* inflate.c in Resources */,
				60EE2E076AE847AC9ADA9192 /* inftrees.c in Resources */,
				4360965E94B54AAB885FDD13 /* trees.c in Resources */,
				95F7FFAE38154A0BB7ADA0CF /* uncompr.c in Resources */,
				625FEDBCA76046998A398E9C /* zutil.c in Resources */,
				DE981087C227447D90684427 /* Base64.m in Sources */,
				B48B150497E6431AA3342B8F /* UNIHTTPClientHelper.m in Sources */,
				D58695000B35422AA6F377AD /* UNIHTTPRequest.m in Sources */,
				C31908E8D75442F386A12137 /* UNIHTTPRequestWithBody.m in Sources */,
				2D583FC02F09430EA7060A81 /* UNIRest.m in Sources */,
				05067C2F3B4A463A9AEB40A5 /* UNIUrlConnection.m in Sources */,
				A586A79AEA834FE3A5485087 /* UNIBaseRequest.m in Sources */,
				A256BC4119AB455C98FA2CF2 /* UNIBodyRequest.m in Sources */,
				747C6995C7F148589540A004 /* UNISimpleRequest.m in Sources */,
				99B11CB940C147F0BFE1280F /* UNIHTTPBinaryResponse.m in Sources */,
				CFEF537C17D34DEB9F3C6E38 /* UNIHTTPJsonResponse.m in Sources */,
				59C2CCF6F90E4948A253645E /* UNIHTTPResponse.m in Sources */,
				62AACB2AD5414827954B4A9B /* UNIHTTPStringResponse.m in Sources */,
				A52EF6CB01D847AFBD46563B /* UNIJsonNode.m in Sources */,
				82549D1C1FFC463AA3A8AAF9 /* IonicCordovaCommon.m in Sources */,
				2AF0C5DC3B7747E9AAC00DEB /* CDVIonicKeyboard.m in Sources */,
				DD603B18A393408FA0116B31 /* CDVWKWebViewEngine.m in Sources */,
				9B43CB6C2C074ED0B7D020B8 /* CDVWKWebViewUIDelegate.m in Sources */,
				E9EC115B467C4B7FAA788E9A /* CDVWKProcessPoolFactory.m in Sources */,
				D4E5D97B4FC542348DFE41D7 /* GCDWebServer.m in Sources */,
				D085E78655FB44E6B0F34108 /* GCDWebServerConnection.m in Sources */,
				BE059E1C43604931965BAEF6 /* GCDWebServerFunctions.m in Sources */,
				91CF27B37FAD4A479EFC860C /* GCDWebServerRequest.m in Sources */,
				03A5FE33813244128EAB53D2 /* GCDWebServerResponse.m in Sources */,
				B45EE116C7F94045BE1BB245 /* GCDWebServerDataRequest.m in Sources */,
				3ACCF04344CD4EC99576D4C2 /* GCDWebServerFileRequest.m in Sources */,
				5C8630F5DD03487590BA3E12 /* GCDWebServerMultiPartFormRequest.m in Sources */,
				879B87DF19BD4019B4DD5EB9 /* GCDWebServerURLEncodedFormRequest.m in Sources */,
				44A2732A1F184677B72B5B9A /* GCDWebServerDataResponse.m in Sources */,
				198142AE44A442E6913A2710 /* GCDWebServerErrorResponse.m in Sources */,
				FDC79CE8425642D394D55037 /* GCDWebServerFileResponse.m in Sources */,
				12275566F8D04176B9CBA463 /* GCDWebServerStreamedResponse.m in Sources */,
			);
			runOnlyForDeploymentPostprocessing = 0;
		};
/* End PBXSourcesBuildPhase section */

/* Begin PBXTargetDependency section */
		301BF551109A68C00062928A /* PBXTargetDependency */ = {
			isa = PBXTargetDependency;
			name = CordovaLib;
			targetProxy = 301BF550109A68C00062928A /* PBXContainerItemProxy */;
		};
/* End PBXTargetDependency section */

/* Begin XCBuildConfiguration section */
		1D6058940D05DD3E006BFB54 /* Debug */ = {
			isa = XCBuildConfiguration;
			baseConfigurationReference = 3047A50F1AB8059700498E2A /* build-debug.xcconfig */;
			buildSettings = {
				ALWAYS_SEARCH_USER_PATHS = NO;
				ASSETCATALOG_COMPILER_APPICON_NAME = AppIcon;
				ASSETCATALOG_COMPILER_LAUNCHIMAGE_NAME = LaunchImage;
				CLANG_ENABLE_MODULES = YES;
				CLANG_ENABLE_OBJC_ARC = YES;
				COPY_PHASE_STRIP = NO;
				GCC_DYNAMIC_NO_PIC = NO;
				GCC_OPTIMIZATION_LEVEL = 0;
				GCC_PRECOMPILE_PREFIX_HEADER = YES;
				GCC_PREFIX_HEADER = "web/web-Prefix.pch";
				GCC_THUMB_SUPPORT = NO;
				GCC_VERSION = "";
				INFOPLIST_FILE = "web/web-Info.plist";
				IPHONEOS_DEPLOYMENT_TARGET = 9.0;
				LD_RUNPATH_SEARCH_PATHS = "@executable_path/Frameworks";
				TARGETED_DEVICE_FAMILY = "1,2";
				PRODUCT_NAME = "web";
				FRAMEWORK_SEARCH_PATHS = (
					"$(inherited)",
					"\"web/Plugins/cordova-plugin-firebase\"",
					"\"web/Plugins/cordova-plugin-firebase\"",
					"\"web/Plugins/cordova-plugin-firebase\"",
					"\"web/Plugins/cordova-plugin-firebase\"",
					"\"web/Plugins/cordova-plugin-firebase\"",
					"\"web/Plugins/cordova-plugin-firebase\"",
					"\"web/Plugins/cordova-plugin-firebase\"",
					"\"web/Plugins/cordova-plugin-firebase\"",
					"\"web/Plugins/cordova-plugin-firebase\"",
					"\"web/Plugins/cordova-plugin-firebase\"",
					"\"web/Plugins/cordova-plugin-firebase\"",
					"\"web/Plugins/cordova-plugin-firebase\"",
					"\"web/Plugins/cordova-plugin-firebase\"",
					"\"web/Plugins/cordova-plugin-firebase\"",
					"\"web/Plugins/cordova-plugin-firebase\"",
					"\"web/Plugins/cordova-plugin-firebase\"",
					"\"web/Plugins/cordova-plugin-firebase\"",
				);
			};
			name = Debug;
		};
		1D6058950D05DD3E006BFB54 /* Release */ = {
			isa = XCBuildConfiguration;
			baseConfigurationReference = 3047A5101AB8059700498E2A /* build-release.xcconfig */;
			buildSettings = {
				ALWAYS_SEARCH_USER_PATHS = NO;
				ASSETCATALOG_COMPILER_APPICON_NAME = AppIcon;
				ASSETCATALOG_COMPILER_LAUNCHIMAGE_NAME = LaunchImage;
				CLANG_ENABLE_MODULES = YES;
				CLANG_ENABLE_OBJC_ARC = YES;
				COPY_PHASE_STRIP = YES;
				GCC_PRECOMPILE_PREFIX_HEADER = YES;
				GCC_PREFIX_HEADER = "web/web-Prefix.pch";
				GCC_THUMB_SUPPORT = NO;
				GCC_VERSION = "";
				INFOPLIST_FILE = "web/web-Info.plist";
				IPHONEOS_DEPLOYMENT_TARGET = 9.0;
				LD_RUNPATH_SEARCH_PATHS = "@executable_path/Frameworks";
				TARGETED_DEVICE_FAMILY = "1,2";
				PRODUCT_NAME = "web";
				FRAMEWORK_SEARCH_PATHS = (
					"$(inherited)",
					"\"web/Plugins/cordova-plugin-firebase\"",
					"\"web/Plugins/cordova-plugin-firebase\"",
					"\"web/Plugins/cordova-plugin-firebase\"",
					"\"web/Plugins/cordova-plugin-firebase\"",
					"\"web/Plugins/cordova-plugin-firebase\"",
					"\"web/Plugins/cordova-plugin-firebase\"",
					"\"web/Plugins/cordova-plugin-firebase\"",
					"\"web/Plugins/cordova-plugin-firebase\"",
					"\"web/Plugins/cordova-plugin-firebase\"",
					"\"web/Plugins/cordova-plugin-firebase\"",
					"\"web/Plugins/cordova-plugin-firebase\"",
					"\"web/Plugins/cordova-plugin-firebase\"",
					"\"web/Plugins/cordova-plugin-firebase\"",
					"\"web/Plugins/cordova-plugin-firebase\"",
					"\"web/Plugins/cordova-plugin-firebase\"",
					"\"web/Plugins/cordova-plugin-firebase\"",
					"\"web/Plugins/cordova-plugin-firebase\"",
				);
			};
			name = Release;
		};
		C01FCF4F08A954540054247B /* Debug */ = {
			isa = XCBuildConfiguration;
			baseConfigurationReference = 3047A5111AB8059700498E2A /* build.xcconfig */;
			buildSettings = {
				CLANG_ENABLE_MODULES = YES;
				CLANG_ENABLE_OBJC_ARC = YES;
				CLANG_WARN_BOOL_CONVERSION = YES;
				CLANG_WARN_CONSTANT_CONVERSION = YES;
				CLANG_WARN_EMPTY_BODY = YES;
				CLANG_WARN_ENUM_CONVERSION = YES;
				CLANG_WARN_INT_CONVERSION = YES;
				CLANG_WARN__DUPLICATE_METHOD_MATCH = YES;
				GCC_C_LANGUAGE_STANDARD = c99;
				GCC_THUMB_SUPPORT = NO;
				GCC_VERSION = "";
				GCC_WARN_ABOUT_RETURN_TYPE = YES;
				GCC_WARN_UNDECLARED_SELECTOR = YES;
				GCC_WARN_UNINITIALIZED_AUTOS = YES;
				GCC_WARN_UNUSED_FUNCTION = YES;
				GCC_WARN_UNUSED_VARIABLE = YES;
				ONLY_ACTIVE_ARCH = YES;
				SDKROOT = iphoneos;
				SKIP_INSTALL = NO;
			};
			name = Debug;
		};
		C01FCF5008A954540054247B /* Release */ = {
			isa = XCBuildConfiguration;
			baseConfigurationReference = 3047A5111AB8059700498E2A /* build.xcconfig */;
			buildSettings = {
				CLANG_ENABLE_MODULES = YES;
				CLANG_ENABLE_OBJC_ARC = YES;
				CLANG_WARN_BOOL_CONVERSION = YES;
				CLANG_WARN_CONSTANT_CONVERSION = YES;
				CLANG_WARN_EMPTY_BODY = YES;
				CLANG_WARN_ENUM_CONVERSION = YES;
				CLANG_WARN_INT_CONVERSION = YES;
				CLANG_WARN__DUPLICATE_METHOD_MATCH = YES;
				GCC_C_LANGUAGE_STANDARD = c99;
				GCC_THUMB_SUPPORT = NO;
				GCC_VERSION = "";
				GCC_WARN_ABOUT_RETURN_TYPE = YES;
				GCC_WARN_UNDECLARED_SELECTOR = YES;
				GCC_WARN_UNINITIALIZED_AUTOS = YES;
				GCC_WARN_UNUSED_FUNCTION = YES;
				GCC_WARN_UNUSED_VARIABLE = YES;
				SDKROOT = iphoneos;
				SKIP_INSTALL = NO;
			};
			name = Release;
		};
/* End XCBuildConfiguration section */

/* Begin XCConfigurationList section */
		1D6058960D05DD3E006BFB54 /* Build configuration list for PBXNativeTarget "web" */ = {
			isa = XCConfigurationList;
			buildConfigurations = (
				1D6058940D05DD3E006BFB54 /* Debug */,
				1D6058950D05DD3E006BFB54 /* Release */,
			);
			defaultConfigurationIsVisible = 0;
			defaultConfigurationName = Release;
		};
		C01FCF4E08A954540054247B /* Build configuration list for PBXProject "__NON-CLI__" */ = {
			isa = XCConfigurationList;
			buildConfigurations = (
				C01FCF4F08A954540054247B /* Debug */,
				C01FCF5008A954540054247B /* Release */,
			);
			defaultConfigurationIsVisible = 0;
			defaultConfigurationName = Release;
		};
/* End XCConfigurationList section */
	};
	rootObject = 29B97313FDCFA39411CA2CEA /* Project object */;
}
